// !$*UTF8*$!
{
	archiveVersion = 1;
	classes = {
	};
	objectVersion = 54;
	objects = {

/* Begin PBXBuildFile section */
		2YN8DZ1J2I4VFHOZGH7J9M5M /* Pods_Runner.framework in Frameworks */ = {isa = PBXBuildFile; fileRef = 1VRST8V8SPHAXWFBA6QNXND0 /* Pods_Runner.framework */; };
		66SZW4RBTAX71FZ1O7HAZNGI /* Pods_RunnerTests.framework in Frameworks */ = {isa = PBXBuildFile; fileRef = SYGT92M4QOJNGSECJRVB0UGS /* Pods_RunnerTests.framework */; };
		7JQEXJ2I3EGHX0LWTPMXEB2N /* GeneratedPluginRegistrant.m in Sources */ = {isa = PBXBuildFile; fileRef = GKD87M2GCUGXLK48LAP9H7BW /* GeneratedPluginRegistrant.m */; };
		DNEHZB6TW0O0RD9GX5P4R0CJ /* AppDelegate.swift in Sources */ = {isa = PBXBuildFile; fileRef = R0JKKO47JX1ZGY8J8X63LOD1 /* AppDelegate.swift */; };
		F2Y1H46TFWNWTTX5N3VB694Q /* Assets.xcassets in Resources */ = {isa = PBXBuildFile; fileRef = 2XJWSBQ64GI5JVVM1SX0OVOT /* Assets.xcassets */; };
		G1XCWVPY3SUZR4B264E5JEXL /* Main.storyboard in Resources */ = {isa = PBXBuildFile; fileRef = J3XA6JUZFQYYP31CFN1I1ERV /* Main.storyboard */; };
		R6HJTERASCNUZNKYS76I11P5 /* AppFrameworkInfo.plist in Resources */ = {isa = PBXBuildFile; fileRef = 2JIK3JDP8M794P2DGCPPR6TY /* AppFrameworkInfo.plist */; };
		T73QOTB6Z6TXL5FJDW488P4U /* LaunchScreen.storyboard in Resources */ = {isa = PBXBuildFile; fileRef = MZ0VBYVC5U1MA8CK2ZYC8PUN /* LaunchScreen.storyboard */; };
		WD8N2TLMTGR0CWBKQ91FJU4C /* RunnerTests.swift in Sources */ = {isa = PBXBuildFile; fileRef = 9SPS9WJZ6N0BEOOATEFUU578 /* RunnerTests.swift */; };
/* End PBXBuildFile section */

/* Begin PBXContainerItemProxy section */
		SI271K82IH7I5QC24IYZ7UOO /* PBXContainerItemProxy */ = {
			isa = PBXContainerItemProxy;
			containerPortal = GE21X7FAVOHV0573I176HC8D /* Project object */;
			proxyType = 1;
			remoteGlobalIDString = QQK77W3OU7B0PUUXPB27344L;
			remoteInfo = Runner;
		};
/* End PBXContainerItemProxy section */

/* Begin PBXCopyFilesBuildPhase section */
		UYJ89D3SIRACKX56DDT7GHPB /* Embed Frameworks */ = {
			isa = PBXCopyFilesBuildPhase;
			buildActionMask = 2147483647;
			dstPath = "";
			dstSubfolderSpec = 10;
			files = (
			);
			name = "Embed Frameworks";
			runOnlyForDeploymentPostprocessing = 0;
		};
/* End PBXCopyFilesBuildPhase section */

/* Begin PBXFileReference section */
		0A8TU6H5O027AFHKK4L4I6N0 /* Debug.xcconfig */ = {isa = PBXFileReference; fileEncoding = 4; lastKnownFileType = text.xcconfig; name = Debug.xcconfig; path = Flutter/Debug.xcconfig; sourceTree = "<group>"; };
		0JF74N6A3HD0G5IOKTEUUY9H /* Pods-RunnerTests.profile.xcconfig */ = {isa = PBXFileReference; includeInIndex = 1; lastKnownFileType = text.xcconfig; name = "Pods-RunnerTests.profile.xcconfig"; path = "Target Support Files/Pods-RunnerTests/Pods-RunnerTests.profile.xcconfig"; sourceTree = "<group>"; };
		1VRST8V8SPHAXWFBA6QNXND0 /* Pods_Runner.framework */ = {isa = PBXFileReference; explicitFileType = wrapper.framework; includeInIndex = 0; path = Pods_Runner.framework; sourceTree = BUILT_PRODUCTS_DIR; };
		2JIK3JDP8M794P2DGCPPR6TY /* AppFrameworkInfo.plist */ = {isa = PBXFileReference; fileEncoding = 4; lastKnownFileType = text.plist.xml; name = AppFrameworkInfo.plist; path = Flutter/AppFrameworkInfo.plist; sourceTree = "<group>"; };
		2XJWSBQ64GI5JVVM1SX0OVOT /* Assets.xcassets */ = {isa = PBXFileReference; lastKnownFileType = folder.assetcatalog; path = Assets.xcassets; sourceTree = "<group>"; };
		99OO5R3EE60WF76K7OJ0FM0V /* Info.plist */ = {isa = PBXFileReference; lastKnownFileType = text.plist.xml; path = Info.plist; sourceTree = "<group>"; };
		9SPS9WJZ6N0BEOOATEFUU578 /* RunnerTests.swift */ = {isa = PBXFileReference; lastKnownFileType = sourcecode.swift; path = RunnerTests.swift; sourceTree = "<group>"; };
		BMAB5OOFN5WVNBMHBZD87YK6 /* Generated.xcconfig */ = {isa = PBXFileReference; fileEncoding = 4; lastKnownFileType = text.xcconfig; name = Generated.xcconfig; path = Flutter/Generated.xcconfig; sourceTree = "<group>"; };
		BWKR3F471SLKJUI5RAG0MRWE /* Base */ = {isa = PBXFileReference; lastKnownFileType = file.storyboard; name = Base; path = Base.lproj/Main.storyboard; sourceTree = "<group>"; };
		C32L3WU2GQ0PCE8DV2FI81IA /* Pods-Runner.release.xcconfig */ = {isa = PBXFileReference; includeInIndex = 1; lastKnownFileType = text.xcconfig; name = "Pods-Runner.release.xcconfig"; path = "Target Support Files/Pods-Runner/Pods-Runner.release.xcconfig"; sourceTree = "<group>"; };
		D36YAY41NMYGJ75W04WG7JHY /* Release.xcconfig */ = {isa = PBXFileReference; lastKnownFileType = text.xcconfig; name = Release.xcconfig; path = Flutter/Release.xcconfig; sourceTree = "<group>"; };
		D8WD9MLKRM2WQLU0SOTSP54D /* Base */ = {isa = PBXFileReference; lastKnownFileType = file.storyboard; name = Base; path = Base.lproj/LaunchScreen.storyboard; sourceTree = "<group>"; };
		FELS9KEGM0X152NQAPT0R71G /* Pods-Runner.profile.xcconfig */ = {isa = PBXFileReference; includeInIndex = 1; lastKnownFileType = text.xcconfig; name = "Pods-Runner.profile.xcconfig"; path = "Target Support Files/Pods-Runner/Pods-Runner.profile.xcconfig"; sourceTree = "<group>"; };
		GKD87M2GCUGXLK48LAP9H7BW /* GeneratedPluginRegistrant.m */ = {isa = PBXFileReference; fileEncoding = 4; lastKnownFileType = sourcecode.c.objc; path = GeneratedPluginRegistrant.m; sourceTree = "<group>"; };
		KHQYDH7UWFGE5L3GB9PK3W0S /* Runner-Bridging-Header.h */ = {isa = PBXFileReference; lastKnownFileType = sourcecode.c.h; path = "Runner-Bridging-Header.h"; sourceTree = "<group>"; };
		OXFBNYDPXGVCW13194OLII0B /* Pods-RunnerTests.release.xcconfig */ = {isa = PBXFileReference; includeInIndex = 1; lastKnownFileType = text.xcconfig; name = "Pods-RunnerTests.release.xcconfig"; path = "Target Support Files/Pods-RunnerTests/Pods-RunnerTests.release.xcconfig"; sourceTree = "<group>"; };
		PCVNCL37VC33EJXVLNI2BRUP /* RunnerTests.xctest */ = {isa = PBXFileReference; explicitFileType = wrapper.cfbundle; includeInIndex = 0; path = RunnerTests.xctest; sourceTree = BUILT_PRODUCTS_DIR; };
		PLF548ONNFUYT28SA7KFYYFK /* Runner.app */ = {isa = PBXFileReference; explicitFileType = wrapper.application; includeInIndex = 0; path = Runner.app; sourceTree = BUILT_PRODUCTS_DIR; };
		R0JKKO47JX1ZGY8J8X63LOD1 /* AppDelegate.swift */ = {isa = PBXFileReference; fileEncoding = 4; lastKnownFileType = sourcecode.swift; path = AppDelegate.swift; sourceTree = "<group>"; };
		SYGT92M4QOJNGSECJRVB0UGS /* Pods_RunnerTests.framework */ = {isa = PBXFileReference; explicitFileType = wrapper.framework; includeInIndex = 0; path = Pods_RunnerTests.framework; sourceTree = BUILT_PRODUCTS_DIR; };
		TI8MM946BLQ2JY8YLBAQWEOH /* GeneratedPluginRegistrant.h */ = {isa = PBXFileReference; lastKnownFileType = sourcecode.c.h; path = GeneratedPluginRegistrant.h; sourceTree = "<group>"; };
		VMTM06LPGR2LRSYD22LCI7M0 /* Pods-Runner.debug.xcconfig */ = {isa = PBXFileReference; includeInIndex = 1; lastKnownFileType = text.xcconfig; name = "Pods-Runner.debug.xcconfig"; path = "Target Support Files/Pods-Runner/Pods-Runner.debug.xcconfig"; sourceTree = "<group>"; };
		XWRDOMLIVA92H4Z4SKNG3RTI /* Pods-RunnerTests.debug.xcconfig */ = {isa = PBXFileReference; includeInIndex = 1; lastKnownFileType = text.xcconfig; name = "Pods-RunnerTests.debug.xcconfig"; path = "Target Support Files/Pods-RunnerTests/Pods-RunnerTests.debug.xcconfig"; sourceTree = "<group>"; };
/* End PBXFileReference section */

/* Begin PBXFrameworksBuildPhase section */
		NH463JQPEZ8OYDAR674CNZYC /* Frameworks */ = {
			isa = PBXFrameworksBuildPhase;
			buildActionMask = 2147483647;
			files = (
				2YN8DZ1J2I4VFHOZGH7J9M5M /* Pods_Runner.framework in Frameworks */,
			);
			runOnlyForDeploymentPostprocessing = 0;
		};
		OORVGPGPSRPH2D1WU5X7UASE /* Frameworks */ = {
			isa = PBXFrameworksBuildPhase;
			buildActionMask = 2147483647;
			files = (
				66SZW4RBTAX71FZ1O7HAZNGI /* Pods_RunnerTests.framework in Frameworks */,
			);
			runOnlyForDeploymentPostprocessing = 0;
		};
/* End PBXFrameworksBuildPhase section */

/* Begin PBXGroup section */
		0Z23717DTOIUPN2DYULLE2Z3 /* Runner */ = {
			isa = PBXGroup;
			children = (
				MZ0VBYVC5U1MA8CK2ZYC8PUN /* LaunchScreen.storyboard */,
				99OO5R3EE60WF76K7OJ0FM0V /* Info.plist */,
				KHQYDH7UWFGE5L3GB9PK3W0S /* Runner-Bridging-Header.h */,
				R0JKKO47JX1ZGY8J8X63LOD1 /* AppDelegate.swift */,
				GKD87M2GCUGXLK48LAP9H7BW /* GeneratedPluginRegistrant.m */,
				2XJWSBQ64GI5JVVM1SX0OVOT /* Assets.xcassets */,
				TI8MM946BLQ2JY8YLBAQWEOH /* GeneratedPluginRegistrant.h */,
				J3XA6JUZFQYYP31CFN1I1ERV /* Main.storyboard */,
			);
			path = Runner;
			sourceTree = "<group>";
		};
		1D5K9WTIDQ0WEDN52Q9T9AJN /* RunnerTests */ = {
			isa = PBXGroup;
			children = (
				9SPS9WJZ6N0BEOOATEFUU578 /* RunnerTests.swift */,
			);
			path = RunnerTests;
			sourceTree = "<group>";
		};
		4ZQ9CWNTA1JWHX5ZVRPA7JOQ = {
			isa = PBXGroup;
			children = (
				56DGQTQ342AM52TY4JCPDTKO /* Products */,
				0Z23717DTOIUPN2DYULLE2Z3 /* Runner */,
				KCMDDW8VGD876KV86SQJ5T7C /* Pods */,
				YQZUJ8SVQDI4ZRRQFWUVXNOH /* Flutter */,
				Y3DUQWTZDVQNW772KCLPHKNK /* Frameworks */,
				1D5K9WTIDQ0WEDN52Q9T9AJN /* RunnerTests */,
			);
			sourceTree = "<group>";
		};
		56DGQTQ342AM52TY4JCPDTKO /* Products */ = {
			isa = PBXGroup;
			children = (
				PLF548ONNFUYT28SA7KFYYFK /* Runner.app */,
				PCVNCL37VC33EJXVLNI2BRUP /* RunnerTests.xctest */,
			);
			name = Products;
			sourceTree = "<group>";
		};
		KCMDDW8VGD876KV86SQJ5T7C /* Pods */ = {
			isa = PBXGroup;
			children = (
				C32L3WU2GQ0PCE8DV2FI81IA /* Pods-Runner.release.xcconfig */,
				0JF74N6A3HD0G5IOKTEUUY9H /* Pods-RunnerTests.profile.xcconfig */,
				VMTM06LPGR2LRSYD22LCI7M0 /* Pods-Runner.debug.xcconfig */,
				XWRDOMLIVA92H4Z4SKNG3RTI /* Pods-RunnerTests.debug.xcconfig */,
				FELS9KEGM0X152NQAPT0R71G /* Pods-Runner.profile.xcconfig */,
				OXFBNYDPXGVCW13194OLII0B /* Pods-RunnerTests.release.xcconfig */,
			);
			path = Pods;
			sourceTree = "<group>";
		};
		Y3DUQWTZDVQNW772KCLPHKNK /* Frameworks */ = {
			isa = PBXGroup;
			children = (
				1VRST8V8SPHAXWFBA6QNXND0 /* Pods_Runner.framework */,
				SYGT92M4QOJNGSECJRVB0UGS /* Pods_RunnerTests.framework */,
			);
			name = Frameworks;
			sourceTree = "<group>";
		};
		YQZUJ8SVQDI4ZRRQFWUVXNOH /* Flutter */ = {
			isa = PBXGroup;
			children = (
				2JIK3JDP8M794P2DGCPPR6TY /* AppFrameworkInfo.plist */,
				0A8TU6H5O027AFHKK4L4I6N0 /* Debug.xcconfig */,
				D36YAY41NMYGJ75W04WG7JHY /* Release.xcconfig */,
				BMAB5OOFN5WVNBMHBZD87YK6 /* Generated.xcconfig */,
			);
			name = Flutter;
			sourceTree = "<group>";
		};
/* End PBXGroup section */

/* Begin PBXNativeTarget section */
		QQK77W3OU7B0PUUXPB27344L /* Runner */ = {
			isa = PBXNativeTarget;
			buildConfigurationList = CJEVICPCSQWCT9J99V8RGFE1 /* Build configuration list for PBXNativeTarget "Runner" */;
			buildPhases = (
				B8UIW9QGEBZLP2G0AAAEEQN4 /* [CP] Check Pods Manifest.lock */,
				UMVR43Y1YJTCZ57JA9V1CZYN /* Run Script */,
				9F9G1UITRXGTSA3F3GITQ55J /* Sources */,
				NH463JQPEZ8OYDAR674CNZYC /* Frameworks */,
				KJJMX2LAH4JYXLUEMIUW7XAM /* Resources */,
				UYJ89D3SIRACKX56DDT7GHPB /* Embed Frameworks */,
				SCX0QR5ZVKMT2SAP7FLCNI80 /* Thin Binary */,
				U9KD38AKZ5MMPVVQX86Q2PQX /* [CP] Embed Pods Frameworks */,
			);
			buildRules = (
			);
			dependencies = (
			);
			name = Runner;
			productName = Runner;
			productReference = PLF548ONNFUYT28SA7KFYYFK /* Runner.app */;
			productType = "com.apple.product-type.application";
		};
		U1K1LY9ITKBIB11XNJT4JXJL /* RunnerTests */ = {
			isa = PBXNativeTarget;
			buildConfigurationList = A1ING374S4HR3GFUU3B03BKO /* Build configuration list for PBXNativeTarget "RunnerTests" */;
			buildPhases = (
				NKK7P3PEJASM7HII5OW8X7JE /* [CP] Check Pods Manifest.lock */,
				1GNFQ57QW1VOCORAQ8OUS7TV /* Sources */,
				6DMM0KYNNAA2RKXRP24WMENP /* Resources */,
				OORVGPGPSRPH2D1WU5X7UASE /* Frameworks */,
			);
			buildRules = (
			);
			dependencies = (
				TS6046AZAVU5EI1S06R73G9R /* PBXTargetDependency */,
			);
			name = RunnerTests;
			productName = RunnerTests;
			productReference = PCVNCL37VC33EJXVLNI2BRUP /* RunnerTests.xctest */;
			productType = "com.apple.product-type.bundle.unit-test";
		};
/* End PBXNativeTarget section */

/* Begin PBXProject section */
		GE21X7FAVOHV0573I176HC8D /* Project object */ = {
			isa = PBXProject;
			attributes = {
				BuildIndependentTargetsInParallel = YES;
				LastUpgradeCheck = 1510;
				ORGANIZATIONNAME = "";
				TargetAttributes = {
					QQK77W3OU7B0PUUXPB27344L = {
						CreatedOnToolsVersion = 7.3.1;
						LastSwiftMigration = 1100;
					};
					U1K1LY9ITKBIB11XNJT4JXJL = {
						CreatedOnToolsVersion = 14.0;
						TestTargetID = QQK77W3OU7B0PUUXPB27344L;
					};
				};
			};
			buildConfigurationList = 5V26JN8C7GADIIPKDPZDB3C9 /* Build configuration list for PBXProject "Runner" */;
			compatibilityVersion = "Xcode 9.3";
			developmentRegion = en;
			hasScannedForEncodings = 0;
			knownRegions = (
				en,
				Base,
			);
			mainGroup = 4ZQ9CWNTA1JWHX5ZVRPA7JOQ;
			productRefGroup = 56DGQTQ342AM52TY4JCPDTKO /* Products */;
			projectDirPath = "";
			projectRoot = "";
			targets = (
				QQK77W3OU7B0PUUXPB27344L /* Runner */,
				U1K1LY9ITKBIB11XNJT4JXJL /* RunnerTests */,
			);
		};
/* End PBXProject section */

/* Begin PBXResourcesBuildPhase section */
		6DMM0KYNNAA2RKXRP24WMENP /* Resources */ = {
			isa = PBXResourcesBuildPhase;
			buildActionMask = 2147483647;
			files = (
			);
			runOnlyForDeploymentPostprocessing = 0;
		};
		KJJMX2LAH4JYXLUEMIUW7XAM /* Resources */ = {
			isa = PBXResourcesBuildPhase;
			buildActionMask = 2147483647;
			files = (
				T73QOTB6Z6TXL5FJDW488P4U /* LaunchScreen.storyboard in Resources */,
				R6HJTERASCNUZNKYS76I11P5 /* AppFrameworkInfo.plist in Resources */,
				F2Y1H46TFWNWTTX5N3VB694Q /* Assets.xcassets in Resources */,
				G1XCWVPY3SUZR4B264E5JEXL /* Main.storyboard in Resources */,
			);
			runOnlyForDeploymentPostprocessing = 0;
		};
/* End PBXResourcesBuildPhase section */

/* Begin PBXShellScriptBuildPhase section */
		B8UIW9QGEBZLP2G0AAAEEQN4 /* [CP] Check Pods Manifest.lock */ = {
			isa = PBXShellScriptBuildPhase;
			buildActionMask = 2147483647;
			files = (
			);
			inputFileListPaths = (
			);
			inputPaths = (
				"${PODS_PODFILE_DIR_PATH}/Podfile.lock",
				"${PODS_ROOT}/Manifest.lock",
			);
			name = "[CP] Check Pods Manifest.lock";
			outputFileListPaths = (
			);
			outputPaths = (
				"$(DERIVED_FILE_DIR)/Pods-Runner-checkManifestLockResult.txt",
			);
			runOnlyForDeploymentPostprocessing = 0;
			shellPath = /bin/sh;
			shellScript = "diff \"${PODS_PODFILE_DIR_PATH}/Podfile.lock\" \"${PODS_ROOT}/Manifest.lock\" > /dev/null\nif [ $? != 0 ] ; then\n    # print error to STDERR\n    echo \"error: The sandbox is not in sync with the Podfile.lock. Run 'pod install' or update your CocoaPods installation.\" >&2\n    exit 1\nfi\n# This output is used by Xcode 'outputs' to avoid re-running this script phase.\necho \"SUCCESS\" > \"${SCRIPT_OUTPUT_FILE_0}\"\n";
			showEnvVarsInLog = 0;
		};
		NKK7P3PEJASM7HII5OW8X7JE /* [CP] Check Pods Manifest.lock */ = {
			isa = PBXShellScriptBuildPhase;
			buildActionMask = 2147483647;
			files = (
			);
			inputFileListPaths = (
			);
			inputPaths = (
				"${PODS_PODFILE_DIR_PATH}/Podfile.lock",
				"${PODS_ROOT}/Manifest.lock",
			);
			name = "[CP] Check Pods Manifest.lock";
			outputFileListPaths = (
			);
			outputPaths = (
				"$(DERIVED_FILE_DIR)/Pods-RunnerTests-checkManifestLockResult.txt",
			);
			runOnlyForDeploymentPostprocessing = 0;
			shellPath = /bin/sh;
			shellScript = "diff \"${PODS_PODFILE_DIR_PATH}/Podfile.lock\" \"${PODS_ROOT}/Manifest.lock\" > /dev/null\nif [ $? != 0 ] ; then\n    # print error to STDERR\n    echo \"error: The sandbox is not in sync with the Podfile.lock. Run 'pod install' or update your CocoaPods installation.\" >&2\n    exit 1\nfi\n# This output is used by Xcode 'outputs' to avoid re-running this script phase.\necho \"SUCCESS\" > \"${SCRIPT_OUTPUT_FILE_0}\"\n";
			showEnvVarsInLog = 0;
		};
		SCX0QR5ZVKMT2SAP7FLCNI80 /* Thin Binary */ = {
			isa = PBXShellScriptBuildPhase;
			alwaysOutOfDate = 1;
			buildActionMask = 2147483647;
			files = (
			);
			inputPaths = (
				"${TARGET_BUILD_DIR}/${INFOPLIST_PATH}",
			);
			name = "Thin Binary";
			outputPaths = (
			);
			runOnlyForDeploymentPostprocessing = 0;
			shellPath = /bin/sh;
			shellScript = "/bin/sh \"$FLUTTER_ROOT/packages/flutter_tools/bin/xcode_backend.sh\" embed_and_thin";
		};
		U9KD38AKZ5MMPVVQX86Q2PQX /* [CP] Embed Pods Frameworks */ = {
			isa = PBXShellScriptBuildPhase;
			buildActionMask = 2147483647;
			files = (
			);
			inputFileListPaths = (
				"${PODS_ROOT}/Target Support Files/Pods-Runner/Pods-Runner-frameworks-${CONFIGURATION}-input-files.xcfilelist",
			);
			inputPaths = (
			);
			name = "[CP] Embed Pods Frameworks";
			outputFileListPaths = (
				"${PODS_ROOT}/Target Support Files/Pods-Runner/Pods-Runner-frameworks-${CONFIGURATION}-output-files.xcfilelist",
			);
			outputPaths = (
			);
			runOnlyForDeploymentPostprocessing = 0;
			shellPath = /bin/sh;
			shellScript = "\"${PODS_ROOT}/Target Support Files/Pods-Runner/Pods-Runner-frameworks.sh\"\n";
			showEnvVarsInLog = 0;
		};
		UMVR43Y1YJTCZ57JA9V1CZYN /* Run Script */ = {
			isa = PBXShellScriptBuildPhase;
			alwaysOutOfDate = 1;
			buildActionMask = 2147483647;
			files = (
			);
			inputPaths = (
			);
			name = "Run Script";
			outputPaths = (
			);
			runOnlyForDeploymentPostprocessing = 0;
			shellPath = /bin/sh;
			shellScript = "/bin/sh \"$FLUTTER_ROOT/packages/flutter_tools/bin/xcode_backend.sh\" build";
		};
/* End PBXShellScriptBuildPhase section */

/* Begin PBXSourcesBuildPhase section */
		1GNFQ57QW1VOCORAQ8OUS7TV /* Sources */ = {
			isa = PBXSourcesBuildPhase;
			buildActionMask = 2147483647;
			files = (
				WD8N2TLMTGR0CWBKQ91FJU4C /* RunnerTests.swift in Sources */,
			);
			runOnlyForDeploymentPostprocessing = 0;
		};
		9F9G1UITRXGTSA3F3GITQ55J /* Sources */ = {
			isa = PBXSourcesBuildPhase;
			buildActionMask = 2147483647;
			files = (
				DNEHZB6TW0O0RD9GX5P4R0CJ /* AppDelegate.swift in Sources */,
				7JQEXJ2I3EGHX0LWTPMXEB2N /* GeneratedPluginRegistrant.m in Sources */,
			);
			runOnlyForDeploymentPostprocessing = 0;
		};
/* End PBXSourcesBuildPhase section */

/* Begin PBXTargetDependency section */
		TS6046AZAVU5EI1S06R73G9R /* PBXTargetDependency */ = {
			isa = PBXTargetDependency;
			target = QQK77W3OU7B0PUUXPB27344L /* Runner */;
			targetProxy = SI271K82IH7I5QC24IYZ7UOO /* PBXContainerItemProxy */;
		};
/* End PBXTargetDependency section */

/* Begin PBXVariantGroup section */
		J3XA6JUZFQYYP31CFN1I1ERV /* Main.storyboard */ = {
			isa = PBXVariantGroup;
			children = (
				BWKR3F471SLKJUI5RAG0MRWE /* Base */,
			);
			name = Main.storyboard;
			sourceTree = "<group>";
		};
		MZ0VBYVC5U1MA8CK2ZYC8PUN /* LaunchScreen.storyboard */ = {
			isa = PBXVariantGroup;
			children = (
				D8WD9MLKRM2WQLU0SOTSP54D /* Base */,
			);
			name = LaunchScreen.storyboard;
			sourceTree = "<group>";
		};
/* End PBXVariantGroup section */

/* Begin XCBuildConfiguration section */
		3HPEBICDTGIH3GHEAVLQIR0Z /* Debug */ = {
			isa = XCBuildConfiguration;
			baseConfigurationReference = 0A8TU6H5O027AFHKK4L4I6N0 /* Debug.xcconfig */;
			buildSettings = {
				ASSETCATALOG_COMPILER_APPICON_NAME = AppIcon;
				CLANG_ENABLE_MODULES = YES;
				"CODE_SIGN_IDENTITY[sdk=iphoneos*]" = "iPhone Distribution";
				CODE_SIGN_STYLE = Manual;
				CURRENT_PROJECT_VERSION = "$(FLUTTER_BUILD_NUMBER)";
				DEVELOPMENT_TEAM = "";
				"DEVELOPMENT_TEAM[sdk=iphoneos*]" = 8TFR2LZB8R;
				ENABLE_BITCODE = NO;
				INFOPLIST_FILE = Runner/Info.plist;
				LD_RUNPATH_SEARCH_PATHS = (
					"$(inherited)",
					"@executable_path/Frameworks",
				);
				PRODUCT_BUNDLE_IDENTIFIER = com.ChromaPour.Sort;
				PRODUCT_NAME = "$(TARGET_NAME)";
				PROVISIONING_PROFILE_SPECIFIER = "";
				"PROVISIONING_PROFILE_SPECIFIER[sdk=iphoneos*]" = 8TFR2LZB8R.com.ChromaPour.Sort;
				SUPPORTED_PLATFORMS = "iphoneos iphonesimulator";
				SUPPORTS_MACCATALYST = NO;
				SUPPORTS_MAC_DESIGNED_FOR_IPHONE_IPAD = NO;
				SUPPORTS_XR_DESIGNED_FOR_IPHONE_IPAD = NO;
				SWIFT_OBJC_BRIDGING_HEADER = "Runner/Runner-Bridging-Header.h";
				SWIFT_OPTIMIZATION_LEVEL = "-Onone";
				SWIFT_VERSION = 5.0;
				TARGETED_DEVICE_FAMILY = "1,2";
				VERSIONING_SYSTEM = "apple-generic";
			};
			name = Debug;
		};
		G9IFH5XBFRVW081YBN1X4MX1 /* Release */ = {
			isa = XCBuildConfiguration;
			baseConfigurationReference = D36YAY41NMYGJ75W04WG7JHY /* Release.xcconfig */;
			buildSettings = {
				ASSETCATALOG_COMPILER_APPICON_NAME = AppIcon;
				CLANG_ENABLE_MODULES = YES;
				"CODE_SIGN_IDENTITY[sdk=iphoneos*]" = "iPhone Distribution";
				CODE_SIGN_STYLE = Manual;
				CURRENT_PROJECT_VERSION = "$(FLUTTER_BUILD_NUMBER)";
				DEVELOPMENT_TEAM = "";
				"DEVELOPMENT_TEAM[sdk=iphoneos*]" = 8TFR2LZB8R;
				ENABLE_BITCODE = NO;
				INFOPLIST_FILE = Runner/Info.plist;
				LD_RUNPATH_SEARCH_PATHS = (
					"$(inherited)",
					"@executable_path/Frameworks",
				);
				PRODUCT_BUNDLE_IDENTIFIER = com.ChromaPour.Sort;
				PRODUCT_NAME = "$(TARGET_NAME)";
				PROVISIONING_PROFILE_SPECIFIER = "";
				"PROVISIONING_PROFILE_SPECIFIER[sdk=iphoneos*]" = 8TFR2LZB8R.com.ChromaPour.Sort;
				SUPPORTED_PLATFORMS = "iphoneos iphonesimulator";
				SUPPORTS_MACCATALYST = NO;
				SUPPORTS_MAC_DESIGNED_FOR_IPHONE_IPAD = NO;
				SUPPORTS_XR_DESIGNED_FOR_IPHONE_IPAD = NO;
				SWIFT_OBJC_BRIDGING_HEADER = "Runner/Runner-Bridging-Header.h";
				SWIFT_VERSION = 5.0;
				TARGETED_DEVICE_FAMILY = "1,2";
				VERSIONING_SYSTEM = "apple-generic";
			};
			name = Release;
		};
		JQFAM53NTXFH1Y9623CMV6E0 /* Profile */ = {
			isa = XCBuildConfiguration;
			buildSettings = {
				ALWAYS_SEARCH_USER_PATHS = NO;
				ASSETCATALOG_COMPILER_GENERATE_SWIFT_ASSET_SYMBOL_EXTENSIONS = YES;
				CLANG_ANALYZER_NONNULL = YES;
				CLANG_CXX_LANGUAGE_STANDARD = "gnu++0x";
				CLANG_CXX_LIBRARY = "libc++";
				CLANG_ENABLE_MODULES = YES;
				CLANG_ENABLE_OBJC_ARC = YES;
				CLANG_WARN_BLOCK_CAPTURE_AUTORELEASING = YES;
				CLANG_WARN_BOOL_CONVERSION = YES;
				CLANG_WARN_COMMA = YES;
				CLANG_WARN_CONSTANT_CONVERSION = YES;
				CLANG_WARN_DEPRECATED_OBJC_IMPLEMENTATIONS = YES;
				CLANG_WARN_DIRECT_OBJC_ISA_USAGE = YES_ERROR;
				CLANG_WARN_EMPTY_BODY = YES;
				CLANG_WARN_ENUM_CONVERSION = YES;
				CLANG_WARN_INFINITE_RECURSION = YES;
				CLANG_WARN_INT_CONVERSION = YES;
				CLANG_WARN_NON_LITERAL_NULL_CONVERSION = YES;
				CLANG_WARN_OBJC_IMPLICIT_RETAIN_SELF = YES;
				CLANG_WARN_OBJC_LITERAL_CONVERSION = YES;
				CLANG_WARN_OBJC_ROOT_CLASS = YES_ERROR;
				CLANG_WARN_RANGE_LOOP_ANALYSIS = YES;
				CLANG_WARN_STRICT_PROTOTYPES = YES;
				CLANG_WARN_SUSPICIOUS_MOVE = YES;
				CLANG_WARN_UNREACHABLE_CODE = YES;
				CLANG_WARN__DUPLICATE_METHOD_MATCH = YES;
				"CODE_SIGN_IDENTITY[sdk=iphoneos*]" = "iPhone Developer";
				COPY_PHASE_STRIP = NO;
				DEBUG_INFORMATION_FORMAT = "dwarf-with-dsym";
				ENABLE_NS_ASSERTIONS = NO;
				ENABLE_STRICT_OBJC_MSGSEND = YES;
				ENABLE_USER_SCRIPT_SANDBOXING = NO;
				GCC_C_LANGUAGE_STANDARD = gnu99;
				GCC_NO_COMMON_BLOCKS = YES;
				GCC_WARN_64_TO_32_BIT_CONVERSION = YES;
				GCC_WARN_ABOUT_RETURN_TYPE = YES_ERROR;
				GCC_WARN_UNDECLARED_SELECTOR = YES;
				GCC_WARN_UNINITIALIZED_AUTOS = YES_AGGRESSIVE;
				GCC_WARN_UNUSED_FUNCTION = YES;
				GCC_WARN_UNUSED_VARIABLE = YES;
				IPHONEOS_DEPLOYMENT_TARGET = 12.0;
				MTL_ENABLE_DEBUG_INFO = NO;
				SDKROOT = iphoneos;
				SUPPORTED_PLATFORMS = iphoneos;
				TARGETED_DEVICE_FAMILY = "1,2";
				VALIDATE_PRODUCT = YES;
			};
			name = Profile;
		};
		KPBZ13TK4QHWKVWAC1K53SAE /* Profile */ = {
			isa = XCBuildConfiguration;
			baseConfigurationReference = D36YAY41NMYGJ75W04WG7JHY /* Release.xcconfig */;
			buildSettings = {
				ASSETCATALOG_COMPILER_APPICON_NAME = AppIcon;
				CLANG_ENABLE_MODULES = YES;
				"CODE_SIGN_IDENTITY[sdk=iphoneos*]" = "iPhone Distribution";
				CODE_SIGN_STYLE = Manual;
				CURRENT_PROJECT_VERSION = "$(FLUTTER_BUILD_NUMBER)";
				DEVELOPMENT_TEAM = "";
				"DEVELOPMENT_TEAM[sdk=iphoneos*]" = 8TFR2LZB8R;
				ENABLE_BITCODE = NO;
				INFOPLIST_FILE = Runner/Info.plist;
				LD_RUNPATH_SEARCH_PATHS = (
					"$(inherited)",
					"@executable_path/Frameworks",
				);
				PRODUCT_BUNDLE_IDENTIFIER = com.ChromaPour.Sort;
				PRODUCT_NAME = "$(TARGET_NAME)";
				PROVISIONING_PROFILE_SPECIFIER = "";
				"PROVISIONING_PROFILE_SPECIFIER[sdk=iphoneos*]" = 8TFR2LZB8R.com.ChromaPour.Sort;
				SUPPORTED_PLATFORMS = "iphoneos iphonesimulator";
				SUPPORTS_MACCATALYST = NO;
				SUPPORTS_MAC_DESIGNED_FOR_IPHONE_IPAD = NO;
				SUPPORTS_XR_DESIGNED_FOR_IPHONE_IPAD = NO;
				SWIFT_OBJC_BRIDGING_HEADER = "Runner/Runner-Bridging-Header.h";
				SWIFT_VERSION = 5.0;
				TARGETED_DEVICE_FAMILY = "1,2";
				VERSIONING_SYSTEM = "apple-generic";
			};
			name = Profile;
		};
		M1J4Z6I3WS93X7WCO2VX0CMH /* Release */ = {
			isa = XCBuildConfiguration;
			baseConfigurationReference = OXFBNYDPXGVCW13194OLII0B /* Pods-RunnerTests.release.xcconfig */;
			buildSettings = {
				BUNDLE_LOADER = "$(TEST_HOST)";
				CODE_SIGN_STYLE = Automatic;
				CURRENT_PROJECT_VERSION = 1;
				GENERATE_INFOPLIST_FILE = YES;
				MARKETING_VERSION = 1.0;
				PRODUCT_BUNDLE_IDENTIFIER = com.example.shuibeipaixu.RunnerTests;
				PRODUCT_NAME = "$(TARGET_NAME)";
				SWIFT_VERSION = 5.0;
				TEST_HOST = "$(BUILT_PRODUCTS_DIR)/Runner.app/$(BUNDLE_EXECUTABLE_FOLDER_PATH)/Runner";
			};
			name = Release;
		};
		NM665ZZPHXRE5FRS3580DXRX /* Debug */ = {
			isa = XCBuildConfiguration;
			baseConfigurationReference = XWRDOMLIVA92H4Z4SKNG3RTI /* Pods-RunnerTests.debug.xcconfig */;
			buildSettings = {
				BUNDLE_LOADER = "$(TEST_HOST)";
				CODE_SIGN_STYLE = Automatic;
				CURRENT_PROJECT_VERSION = 1;
				GENERATE_INFOPLIST_FILE = YES;
				MARKETING_VERSION = 1.0;
				PRODUCT_BUNDLE_IDENTIFIER = com.example.shuibeipaixu.RunnerTests;
				PRODUCT_NAME = "$(TARGET_NAME)";
				SWIFT_ACTIVE_COMPILATION_CONDITIONS = DEBUG;
				SWIFT_OPTIMIZATION_LEVEL = "-Onone";
				SWIFT_VERSION = 5.0;
				TEST_HOST = "$(BUILT_PRODUCTS_DIR)/Runner.app/$(BUNDLE_EXECUTABLE_FOLDER_PATH)/Runner";
			};
			name = Debug;
		};
		O0JF0MY15X1SX9QSRR66TKOK /* Release */ = {
			isa = XCBuildConfiguration;
			buildSettings = {
				ALWAYS_SEARCH_USER_PATHS = NO;
				ASSETCATALOG_COMPILER_GENERATE_SWIFT_ASSET_SYMBOL_EXTENSIONS = YES;
				CLANG_ANALYZER_NONNULL = YES;
				CLANG_CXX_LANGUAGE_STANDARD = "gnu++0x";
				CLANG_CXX_LIBRARY = "libc++";
				CLANG_ENABLE_MODULES = YES;
				CLANG_ENABLE_OBJC_ARC = YES;
				CLANG_WARN_BLOCK_CAPTURE_AUTORELEASING = YES;
				CLANG_WARN_BOOL_CONVERSION = YES;
				CLANG_WARN_COMMA = YES;
				CLANG_WARN_CONSTANT_CONVERSION = YES;
				CLANG_WARN_DEPRECATED_OBJC_IMPLEMENTATIONS = YES;
				CLANG_WARN_DIRECT_OBJC_ISA_USAGE = YES_ERROR;
				CLANG_WARN_EMPTY_BODY = YES;
				CLANG_WARN_ENUM_CONVERSION = YES;
				CLANG_WARN_INFINITE_RECURSION = YES;
				CLANG_WARN_INT_CONVERSION = YES;
				CLANG_WARN_NON_LITERAL_NULL_CONVERSION = YES;
				CLANG_WARN_OBJC_IMPLICIT_RETAIN_SELF = YES;
				CLANG_WARN_OBJC_LITERAL_CONVERSION = YES;
				CLANG_WARN_OBJC_ROOT_CLASS = YES_ERROR;
				CLANG_WARN_RANGE_LOOP_ANALYSIS = YES;
				CLANG_WARN_STRICT_PROTOTYPES = YES;
				CLANG_WARN_SUSPICIOUS_MOVE = YES;
				CLANG_WARN_UNREACHABLE_CODE = YES;
				CLANG_WARN__DUPLICATE_METHOD_MATCH = YES;
				"CODE_SIGN_IDENTITY[sdk=iphoneos*]" = "iPhone Developer";
				COPY_PHASE_STRIP = NO;
				DEBUG_INFORMATION_FORMAT = "dwarf-with-dsym";
				ENABLE_NS_ASSERTIONS = NO;
				ENABLE_STRICT_OBJC_MSGSEND = YES;
				ENABLE_USER_SCRIPT_SANDBOXING = NO;
				GCC_C_LANGUAGE_STANDARD = gnu99;
				GCC_NO_COMMON_BLOCKS = YES;
				GCC_WARN_64_TO_32_BIT_CONVERSION = YES;
				GCC_WARN_ABOUT_RETURN_TYPE = YES_ERROR;
				GCC_WARN_UNDECLARED_SELECTOR = YES;
				GCC_WARN_UNINITIALIZED_AUTOS = YES_AGGRESSIVE;
				GCC_WARN_UNUSED_FUNCTION = YES;
				GCC_WARN_UNUSED_VARIABLE = YES;
				IPHONEOS_DEPLOYMENT_TARGET = 12.0;
				MTL_ENABLE_DEBUG_INFO = NO;
				SDKROOT = iphoneos;
				SUPPORTED_PLATFORMS = iphoneos;
				SWIFT_COMPILATION_MODE = wholemodule;
				SWIFT_OPTIMIZATION_LEVEL = "-O";
				TARGETED_DEVICE_FAMILY = "1,2";
				VALIDATE_PRODUCT = YES;
			};
			name = Release;
		};
		U7874GWVO1UYC0OI1RJDPAI3 /* Profile */ = {
			isa = XCBuildConfiguration;
			baseConfigurationReference = 0JF74N6A3HD0G5IOKTEUUY9H /* Pods-RunnerTests.profile.xcconfig */;
			buildSettings = {
				BUNDLE_LOADER = "$(TEST_HOST)";
				CODE_SIGN_STYLE = Automatic;
				CURRENT_PROJECT_VERSION = 1;
				GENERATE_INFOPLIST_FILE = YES;
				MARKETING_VERSION = 1.0;
				PRODUCT_BUNDLE_IDENTIFIER = com.example.shuibeipaixu.RunnerTests;
				PRODUCT_NAME = "$(TARGET_NAME)";
				SWIFT_VERSION = 5.0;
				TEST_HOST = "$(BUILT_PRODUCTS_DIR)/Runner.app/$(BUNDLE_EXECUTABLE_FOLDER_PATH)/Runner";
			};
			name = Profile;
		};
		UD0E8WJJYD6FSSV2BISVBXNI /* Debug */ = {
			isa = XCBuildConfiguration;
			buildSettings = {
				ALWAYS_SEARCH_USER_PATHS = NO;
				ASSETCATALOG_COMPILER_GENERATE_SWIFT_ASSET_SYMBOL_EXTENSIONS = YES;
				CLANG_ANALYZER_NONNULL = YES;
				CLANG_CXX_LANGUAGE_STANDARD = "gnu++0x";
				CLANG_CXX_LIBRARY = "libc++";
				CLANG_ENABLE_MODULES = YES;
				CLANG_ENABLE_OBJC_ARC = YES;
				CLANG_WARN_BLOCK_CAPTURE_AUTORELEASING = YES;
				CLANG_WARN_BOOL_CONVERSION = YES;
				CLANG_WARN_COMMA = YES;
				CLANG_WARN_CONSTANT_CONVERSION = YES;
				CLANG_WARN_DEPRECATED_OBJC_IMPLEMENTATIONS = YES;
				CLANG_WARN_DIRECT_OBJC_ISA_USAGE = YES_ERROR;
				CLANG_WARN_EMPTY_BODY = YES;
				CLANG_WARN_ENUM_CONVERSION = YES;
				CLANG_WARN_INFINITE_RECURSION = YES;
				CLANG_WARN_INT_CONVERSION = YES;
				CLANG_WARN_NON_LITERAL_NULL_CONVERSION = YES;
				CLANG_WARN_OBJC_IMPLICIT_RETAIN_SELF = YES;
				CLANG_WARN_OBJC_LITERAL_CONVERSION = YES;
				CLANG_WARN_OBJC_ROOT_CLASS = YES_ERROR;
				CLANG_WARN_RANGE_LOOP_ANALYSIS = YES;
				CLANG_WARN_STRICT_PROTOTYPES = YES;
				CLANG_WARN_SUSPICIOUS_MOVE = YES;
				CLANG_WARN_UNREACHABLE_CODE = YES;
				CLANG_WARN__DUPLICATE_METHOD_MATCH = YES;
				"CODE_SIGN_IDENTITY[sdk=iphoneos*]" = "iPhone Developer";
				COPY_PHASE_STRIP = NO;
				DEBUG_INFORMATION_FORMAT = dwarf;
				ENABLE_STRICT_OBJC_MSGSEND = YES;
				ENABLE_TESTABILITY = YES;
				ENABLE_USER_SCRIPT_SANDBOXING = NO;
				GCC_C_LANGUAGE_STANDARD = gnu99;
				GCC_DYNAMIC_NO_PIC = NO;
				GCC_NO_COMMON_BLOCKS = YES;
				GCC_OPTIMIZATION_LEVEL = 0;
				GCC_PREPROCESSOR_DEFINITIONS = (
					"DEBUG=1",
					"$(inherited)",
				);
				GCC_WARN_64_TO_32_BIT_CONVERSION = YES;
				GCC_WARN_ABOUT_RETURN_TYPE = YES_ERROR;
				GCC_WARN_UNDECLARED_SELECTOR = YES;
				GCC_WARN_UNINITIALIZED_AUTOS = YES_AGGRESSIVE;
				GCC_WARN_UNUSED_FUNCTION = YES;
				GCC_WARN_UNUSED_VARIABLE = YES;
				IPHONEOS_DEPLOYMENT_TARGET = 12.0;
				MTL_ENABLE_DEBUG_INFO = YES;
				ONLY_ACTIVE_ARCH = YES;
				SDKROOT = iphoneos;
				TARGETED_DEVICE_FAMILY = "1,2";
			};
			name = Debug;
		};
/* End XCBuildConfiguration section */

/* Begin XCConfigurationList section */
		5V26JN8C7GADIIPKDPZDB3C9 /* Build configuration list for PBXProject "Runner" */ = {
			isa = XCConfigurationList;
			buildConfigurations = (
				UD0E8WJJYD6FSSV2BISVBXNI /* Debug */,
				O0JF0MY15X1SX9QSRR66TKOK /* Release */,
				JQFAM53NTXFH1Y9623CMV6E0 /* Profile */,
			);
			defaultConfigurationIsVisible = 0;
			defaultConfigurationName = Release;
		};
		A1ING374S4HR3GFUU3B03BKO /* Build configuration list for PBXNativeTarget "RunnerTests" */ = {
			isa = XCConfigurationList;
			buildConfigurations = (
				NM665ZZPHXRE5FRS3580DXRX /* Debug */,
				M1J4Z6I3WS93X7WCO2VX0CMH /* Release */,
				U7874GWVO1UYC0OI1RJDPAI3 /* Profile */,
			);
			defaultConfigurationIsVisible = 0;
			defaultConfigurationName = Release;
		};
		CJEVICPCSQWCT9J99V8RGFE1 /* Build configuration list for PBXNativeTarget "Runner" */ = {
			isa = XCConfigurationList;
			buildConfigurations = (
				3HPEBICDTGIH3GHEAVLQIR0Z /* Debug */,
				G9IFH5XBFRVW081YBN1X4MX1 /* Release */,
				KPBZ13TK4QHWKVWAC1K53SAE /* Profile */,
			);
			defaultConfigurationIsVisible = 0;
			defaultConfigurationName = Release;
		};
/* End XCConfigurationList section */
	};
	rootObject = GE21X7FAVOHV0573I176HC8D /* Project object */;
}
