// !$*UTF8*$!
{
	archiveVersion = 1;
	classes = {
	};
	objectVersion = 54;
	objects = {

/* Begin PBXBuildFile section */
		4X4FMG28SIUUZO677KE39E8H /* AppFrameworkInfo.plist in Resources */ = {isa = PBXBuildFile; fileRef = AZBESMW9WYR0SFYO85640G5M /* AppFrameworkInfo.plist */; };
		8VTMZX9AJYQONNONC0DE18Y8 /* Assets.xcassets in Resources */ = {isa = PBXBuildFile; fileRef = OQIS4QJ8FQCUL3CRJEQJ63EA /* Assets.xcassets */; };
		9AQI5PRJP29NCL7PAIMXWSVG /* GeneratedPluginRegistrant.m in Sources */ = {isa = PBXBuildFile; fileRef = PNFIVCPUBIXLB8Y3I27UWQIG /* GeneratedPluginRegistrant.m */; };
		E8PQ82GTQJ2DLBIH5CETRM2Z /* Pods_Runner.framework in Frameworks */ = {isa = PBXBuildFile; fileRef = CRMGZ552IBFO2ACTE8WANL2D /* Pods_Runner.framework */; };
		IX5M1LUCUZ6MM5JJHZC0YV73 /* LaunchScreen.storyboard in Resources */ = {isa = PBXBuildFile; fileRef = XXW1MLJ5KFCAPWOVXAS44U0H /* LaunchScreen.storyboard */; };
		MY4ZL7N0WIR5EN41RT37UVAM /* RunnerTests.swift in Sources */ = {isa = PBXBuildFile; fileRef = RVCLPEUGV0PTN9GQKBG9YFB5 /* RunnerTests.swift */; };
		TTFPVXPV9FG4AJHC7ESPXELE /* Main.storyboard in Resources */ = {isa = PBXBuildFile; fileRef = 47DMTP4T02BSGE4OBA79YAIX /* Main.storyboard */; };
		UL7C2LWEIJC6XZKI4VJFAY4Z /* AppDelegate.swift in Sources */ = {isa = PBXBuildFile; fileRef = 4LA9SMP912MQOGP4LD9MFBUB /* AppDelegate.swift */; };
		XSOGRZYCKIG2O3G2BJ6IVXB5 /* Pods_RunnerTests.framework in Frameworks */ = {isa = PBXBuildFile; fileRef = G1WVN8J51GUXYFDMHQRK0H6P /* Pods_RunnerTests.framework */; };
/* End PBXBuildFile section */

/* Begin PBXContainerItemProxy section */
		AF52KDF2LD8ENDUTYAJPJITN /* PBXContainerItemProxy */ = {
			isa = PBXContainerItemProxy;
			containerPortal = RE1IWDVZKXHYZ6NFIQBM5DNW /* Project object */;
			proxyType = 1;
			remoteGlobalIDString = TW4U7EBQUI4FL4PIHJWHEQET;
			remoteInfo = Runner;
		};
/* End PBXContainerItemProxy section */

/* Begin PBXCopyFilesBuildPhase section */
		J1DKJPLB70DWFPD33FK2CZH3 /* Embed Frameworks */ = {
			isa = PBXCopyFilesBuildPhase;
			buildActionMask = 2147483647;
			dstPath = "";
			dstSubfolderSpec = 10;
			files = (
			);
			name = "Embed Frameworks";
			runOnlyForDeploymentPostprocessing = 0;
		};
/* End PBXCopyFilesBuildPhase section */

/* Begin PBXFileReference section */
		2G31KS4ETCGER7O5GDAJF07L /* Info.plist */ = {isa = PBXFileReference; lastKnownFileType = text.plist.xml; path = Info.plist; sourceTree = "<group>"; };
		4BOI4RFKABZKQYEEFKMRSRDZ /* Generated.xcconfig */ = {isa = PBXFileReference; fileEncoding = 4; lastKnownFileType = text.xcconfig; name = Generated.xcconfig; path = Flutter/Generated.xcconfig; sourceTree = "<group>"; };
		4C1PECHMA1ROLLNJW544H7UA /* Pods-Runner.profile.xcconfig */ = {isa = PBXFileReference; includeInIndex = 1; lastKnownFileType = text.xcconfig; name = "Pods-Runner.profile.xcconfig"; path = "Target Support Files/Pods-Runner/Pods-Runner.profile.xcconfig"; sourceTree = "<group>"; };
		4LA9SMP912MQOGP4LD9MFBUB /* AppDelegate.swift */ = {isa = PBXFileReference; fileEncoding = 4; lastKnownFileType = sourcecode.swift; path = AppDelegate.swift; sourceTree = "<group>"; };
		78DTHXFAC0Q9FPJU645F2GLB /* Pods-RunnerTests.debug.xcconfig */ = {isa = PBXFileReference; includeInIndex = 1; lastKnownFileType = text.xcconfig; name = "Pods-RunnerTests.debug.xcconfig"; path = "Target Support Files/Pods-RunnerTests/Pods-RunnerTests.debug.xcconfig"; sourceTree = "<group>"; };
		8M383MCHD0AJO0QAZA4CEC9I /* RunnerTests.xctest */ = {isa = PBXFileReference; explicitFileType = wrapper.cfbundle; includeInIndex = 0; path = RunnerTests.xctest; sourceTree = BUILT_PRODUCTS_DIR; };
		A782TNOXZI3N2P8Y73NQNABI /* Base */ = {isa = PBXFileReference; lastKnownFileType = file.storyboard; name = Base; path = Base.lproj/Main.storyboard; sourceTree = "<group>"; };
		AZBESMW9WYR0SFYO85640G5M /* AppFrameworkInfo.plist */ = {isa = PBXFileReference; fileEncoding = 4; lastKnownFileType = text.plist.xml; name = AppFrameworkInfo.plist; path = Flutter/AppFrameworkInfo.plist; sourceTree = "<group>"; };
		B2IP1GEZCKB8S5Y02BZ0Q1AS /* Pods-RunnerTests.release.xcconfig */ = {isa = PBXFileReference; includeInIndex = 1; lastKnownFileType = text.xcconfig; name = "Pods-RunnerTests.release.xcconfig"; path = "Target Support Files/Pods-RunnerTests/Pods-RunnerTests.release.xcconfig"; sourceTree = "<group>"; };
		B2K6XEM6WNEZON42Q24UYZW9 /* Base */ = {isa = PBXFileReference; lastKnownFileType = file.storyboard; name = Base; path = Base.lproj/LaunchScreen.storyboard; sourceTree = "<group>"; };
		CRMGZ552IBFO2ACTE8WANL2D /* Pods_Runner.framework */ = {isa = PBXFileReference; explicitFileType = wrapper.framework; includeInIndex = 0; path = Pods_Runner.framework; sourceTree = BUILT_PRODUCTS_DIR; };
		DEY4TMHTJLF07GT791N3F98O /* Runner-Bridging-Header.h */ = {isa = PBXFileReference; lastKnownFileType = sourcecode.c.h; path = "Runner-Bridging-Header.h"; sourceTree = "<group>"; };
		E219ZCUCZ9AOD1GUKR1ZR38G /* GeneratedPluginRegistrant.h */ = {isa = PBXFileReference; lastKnownFileType = sourcecode.c.h; path = GeneratedPluginRegistrant.h; sourceTree = "<group>"; };
		G1WVN8J51GUXYFDMHQRK0H6P /* Pods_RunnerTests.framework */ = {isa = PBXFileReference; explicitFileType = wrapper.framework; includeInIndex = 0; path = Pods_RunnerTests.framework; sourceTree = BUILT_PRODUCTS_DIR; };
		I28PBUOIT2HKLB68BO796K86 /* Pods-RunnerTests.profile.xcconfig */ = {isa = PBXFileReference; includeInIndex = 1; lastKnownFileType = text.xcconfig; name = "Pods-RunnerTests.profile.xcconfig"; path = "Target Support Files/Pods-RunnerTests/Pods-RunnerTests.profile.xcconfig"; sourceTree = "<group>"; };
		KLL6JREI0M1SU5CNLD9IJ962 /* Runner.app */ = {isa = PBXFileReference; explicitFileType = wrapper.application; includeInIndex = 0; path = Runner.app; sourceTree = BUILT_PRODUCTS_DIR; };
		NT2AG4T2ZLPKNG64XGK2KMKZ /* Pods-Runner.debug.xcconfig */ = {isa = PBXFileReference; includeInIndex = 1; lastKnownFileType = text.xcconfig; name = "Pods-Runner.debug.xcconfig"; path = "Target Support Files/Pods-Runner/Pods-Runner.debug.xcconfig"; sourceTree = "<group>"; };
		OQIS4QJ8FQCUL3CRJEQJ63EA /* Assets.xcassets */ = {isa = PBXFileReference; lastKnownFileType = folder.assetcatalog; path = Assets.xcassets; sourceTree = "<group>"; };
		PNFIVCPUBIXLB8Y3I27UWQIG /* GeneratedPluginRegistrant.m */ = {isa = PBXFileReference; fileEncoding = 4; lastKnownFileType = sourcecode.c.objc; path = GeneratedPluginRegistrant.m; sourceTree = "<group>"; };
		QVBMGBPZ1IMQ0ETHP7ARLIHD /* Release.xcconfig */ = {isa = PBXFileReference; lastKnownFileType = text.xcconfig; name = Release.xcconfig; path = Flutter/Release.xcconfig; sourceTree = "<group>"; };
		RVCLPEUGV0PTN9GQKBG9YFB5 /* RunnerTests.swift */ = {isa = PBXFileReference; lastKnownFileType = sourcecode.swift; path = RunnerTests.swift; sourceTree = "<group>"; };
		SQ43GJA2X8YWNEDBB55ZYZH2 /* Pods-Runner.release.xcconfig */ = {isa = PBXFileReference; includeInIndex = 1; lastKnownFileType = text.xcconfig; name = "Pods-Runner.release.xcconfig"; path = "Target Support Files/Pods-Runner/Pods-Runner.release.xcconfig"; sourceTree = "<group>"; };
		TZE3FZ4P8Y2BIEIXDVPGZ58U /* Debug.xcconfig */ = {isa = PBXFileReference; fileEncoding = 4; lastKnownFileType = text.xcconfig; name = Debug.xcconfig; path = Flutter/Debug.xcconfig; sourceTree = "<group>"; };
/* End PBXFileReference section */

/* Begin PBXFrameworksBuildPhase section */
		85429N29S009BEP735ED3YQ5 /* Frameworks */ = {
			isa = PBXFrameworksBuildPhase;
			buildActionMask = 2147483647;
			files = (
				E8PQ82GTQJ2DLBIH5CETRM2Z /* Pods_Runner.framework in Frameworks */,
			);
			runOnlyForDeploymentPostprocessing = 0;
		};
		LE6VDGN5FN5BJYRWQH170YAB /* Frameworks */ = {
			isa = PBXFrameworksBuildPhase;
			buildActionMask = 2147483647;
			files = (
				XSOGRZYCKIG2O3G2BJ6IVXB5 /* Pods_RunnerTests.framework in Frameworks */,
			);
			runOnlyForDeploymentPostprocessing = 0;
		};
/* End PBXFrameworksBuildPhase section */

/* Begin PBXGroup section */
		4DOWB3HA3GFCDV0NCUEFJMZJ /* Runner */ = {
			isa = PBXGroup;
			children = (
				47DMTP4T02BSGE4OBA79YAIX /* Main.storyboard */,
				OQIS4QJ8FQCUL3CRJEQJ63EA /* Assets.xcassets */,
				XXW1MLJ5KFCAPWOVXAS44U0H /* LaunchScreen.storyboard */,
				2G31KS4ETCGER7O5GDAJF07L /* Info.plist */,
				E219ZCUCZ9AOD1GUKR1ZR38G /* GeneratedPluginRegistrant.h */,
				PNFIVCPUBIXLB8Y3I27UWQIG /* GeneratedPluginRegistrant.m */,
				4LA9SMP912MQOGP4LD9MFBUB /* AppDelegate.swift */,
				DEY4TMHTJLF07GT791N3F98O /* Runner-Bridging-Header.h */,
			);
			path = Runner;
			sourceTree = "<group>";
		};
		80YOHP9PZXRE8SPHBCR0LFA9 /* Pods */ = {
			isa = PBXGroup;
			children = (
				NT2AG4T2ZLPKNG64XGK2KMKZ /* Pods-Runner.debug.xcconfig */,
				SQ43GJA2X8YWNEDBB55ZYZH2 /* Pods-Runner.release.xcconfig */,
				4C1PECHMA1ROLLNJW544H7UA /* Pods-Runner.profile.xcconfig */,
				78DTHXFAC0Q9FPJU645F2GLB /* Pods-RunnerTests.debug.xcconfig */,
				B2IP1GEZCKB8S5Y02BZ0Q1AS /* Pods-RunnerTests.release.xcconfig */,
				I28PBUOIT2HKLB68BO796K86 /* Pods-RunnerTests.profile.xcconfig */,
			);
			path = Pods;
			sourceTree = "<group>";
		};
		FRK42Q2NEG54S8QMD1EMBY3C /* Flutter */ = {
			isa = PBXGroup;
			children = (
				AZBESMW9WYR0SFYO85640G5M /* AppFrameworkInfo.plist */,
				TZE3FZ4P8Y2BIEIXDVPGZ58U /* Debug.xcconfig */,
				QVBMGBPZ1IMQ0ETHP7ARLIHD /* Release.xcconfig */,
				4BOI4RFKABZKQYEEFKMRSRDZ /* Generated.xcconfig */,
			);
			name = Flutter;
			sourceTree = "<group>";
		};
		GYT0W8A8VNPBEIXTO11CX1ME = {
			isa = PBXGroup;
			children = (
				FRK42Q2NEG54S8QMD1EMBY3C /* Flutter */,
				4DOWB3HA3GFCDV0NCUEFJMZJ /* Runner */,
				K42QAXJVVA68PBJQGPEVBJ1N /* Products */,
				P98M23SE7MAPDPKBG5076P0D /* RunnerTests */,
				80YOHP9PZXRE8SPHBCR0LFA9 /* Pods */,
				YO9AWTT7HMK76MTDA8J600A6 /* Frameworks */,
			);
			sourceTree = "<group>";
		};
		K42QAXJVVA68PBJQGPEVBJ1N /* Products */ = {
			isa = PBXGroup;
			children = (
				KLL6JREI0M1SU5CNLD9IJ962 /* Runner.app */,
				8M383MCHD0AJO0QAZA4CEC9I /* RunnerTests.xctest */,
			);
			name = Products;
			sourceTree = "<group>";
		};
		P98M23SE7MAPDPKBG5076P0D /* RunnerTests */ = {
			isa = PBXGroup;
			children = (
				RVCLPEUGV0PTN9GQKBG9YFB5 /* RunnerTests.swift */,
			);
			path = RunnerTests;
			sourceTree = "<group>";
		};
		YO9AWTT7HMK76MTDA8J600A6 /* Frameworks */ = {
			isa = PBXGroup;
			children = (
				CRMGZ552IBFO2ACTE8WANL2D /* Pods_Runner.framework */,
				G1WVN8J51GUXYFDMHQRK0H6P /* Pods_RunnerTests.framework */,
			);
			name = Frameworks;
			sourceTree = "<group>";
		};
/* End PBXGroup section */

/* Begin PBXNativeTarget section */
		T6SXTZS3MED51SM245HGUN4N /* RunnerTests */ = {
			isa = PBXNativeTarget;
			buildConfigurationList = YZS0T8BN494VWWKXOL7B2LMB /* Build configuration list for PBXNativeTarget "RunnerTests" */;
			buildPhases = (
				8YXTAMNILA8H8NI7H6ZAQHQS /* [CP] Check Pods Manifest.lock */,
				4O4MCM3BYJMSQCP2NYCWRIL0 /* Sources */,
				4TNPO9M1IRTIVHW09KY3Z38J /* Resources */,
				LE6VDGN5FN5BJYRWQH170YAB /* Frameworks */,
			);
			buildRules = (
			);
			dependencies = (
				8J3E36XLO34XW5XZXNRKX096 /* PBXTargetDependency */,
			);
			name = RunnerTests;
			productName = RunnerTests;
			productReference = 8M383MCHD0AJO0QAZA4CEC9I /* RunnerTests.xctest */;
			productType = "com.apple.product-type.bundle.unit-test";
		};
		TW4U7EBQUI4FL4PIHJWHEQET /* Runner */ = {
			isa = PBXNativeTarget;
			buildConfigurationList = MWWVAVFLJ2CD30T8LY2LXFHI /* Build configuration list for PBXNativeTarget "Runner" */;
			buildPhases = (
				E1GHG10TUI28AZOZGYJD80WS /* [CP] Check Pods Manifest.lock */,
				NZFKQB76799I6TXTOYV70TFR /* Run Script */,
				XJVEYVDV8T2TSFI1XZ9LVMYF /* Sources */,
				85429N29S009BEP735ED3YQ5 /* Frameworks */,
				59U33JKHQ4F0QDZ856M5KVOK /* Resources */,
				J1DKJPLB70DWFPD33FK2CZH3 /* Embed Frameworks */,
				NRPT310EX5XE7J2LXFF0BEYH /* Thin Binary */,
				CP39BX6TWZ17XM5TIZG5LGKX /* [CP] Embed Pods Frameworks */,
			);
			buildRules = (
			);
			dependencies = (
			);
			name = Runner;
			productName = Runner;
			productReference = KLL6JREI0M1SU5CNLD9IJ962 /* Runner.app */;
			productType = "com.apple.product-type.application";
		};
/* End PBXNativeTarget section */

/* Begin PBXProject section */
		RE1IWDVZKXHYZ6NFIQBM5DNW /* Project object */ = {
			isa = PBXProject;
			attributes = {
				BuildIndependentTargetsInParallel = YES;
				LastUpgradeCheck = 1510;
				ORGANIZATIONNAME = "";
				TargetAttributes = {
					T6SXTZS3MED51SM245HGUN4N = {
						CreatedOnToolsVersion = 14.0;
						TestTargetID = TW4U7EBQUI4FL4PIHJWHEQET;
					};
					TW4U7EBQUI4FL4PIHJWHEQET = {
						CreatedOnToolsVersion = 7.3.1;
						LastSwiftMigration = 1100;
					};
				};
			};
			buildConfigurationList = KZ43WW6TGTXGI32VTIJV0BAA /* Build configuration list for PBXProject "Runner" */;
			compatibilityVersion = "Xcode 9.3";
			developmentRegion = en;
			hasScannedForEncodings = 0;
			knownRegions = (
				en,
				Base,
			);
			mainGroup = GYT0W8A8VNPBEIXTO11CX1ME;
			productRefGroup = K42QAXJVVA68PBJQGPEVBJ1N /* Products */;
			projectDirPath = "";
			projectRoot = "";
			targets = (
				TW4U7EBQUI4FL4PIHJWHEQET /* Runner */,
				T6SXTZS3MED51SM245HGUN4N /* RunnerTests */,
			);
		};
/* End PBXProject section */

/* Begin PBXResourcesBuildPhase section */
		4TNPO9M1IRTIVHW09KY3Z38J /* Resources */ = {
			isa = PBXResourcesBuildPhase;
			buildActionMask = 2147483647;
			files = (
			);
			runOnlyForDeploymentPostprocessing = 0;
		};
		59U33JKHQ4F0QDZ856M5KVOK /* Resources */ = {
			isa = PBXResourcesBuildPhase;
			buildActionMask = 2147483647;
			files = (
				IX5M1LUCUZ6MM5JJHZC0YV73 /* LaunchScreen.storyboard in Resources */,
				4X4FMG28SIUUZO677KE39E8H /* AppFrameworkInfo.plist in Resources */,
				8VTMZX9AJYQONNONC0DE18Y8 /* Assets.xcassets in Resources */,
				TTFPVXPV9FG4AJHC7ESPXELE /* Main.storyboard in Resources */,
			);
			runOnlyForDeploymentPostprocessing = 0;
		};
/* End PBXResourcesBuildPhase section */

/* Begin PBXShellScriptBuildPhase section */
		8YXTAMNILA8H8NI7H6ZAQHQS /* [CP] Check Pods Manifest.lock */ = {
			isa = PBXShellScriptBuildPhase;
			buildActionMask = 2147483647;
			files = (
			);
			inputFileListPaths = (
			);
			inputPaths = (
				"${PODS_PODFILE_DIR_PATH}/Podfile.lock",
				"${PODS_ROOT}/Manifest.lock",
			);
			name = "[CP] Check Pods Manifest.lock";
			outputFileListPaths = (
			);
			outputPaths = (
				"$(DERIVED_FILE_DIR)/Pods-RunnerTests-checkManifestLockResult.txt",
			);
			runOnlyForDeploymentPostprocessing = 0;
			shellPath = /bin/sh;
			shellScript = "diff \"${PODS_PODFILE_DIR_PATH}/Podfile.lock\" \"${PODS_ROOT}/Manifest.lock\" > /dev/null\nif [ $? != 0 ] ; then\n    # print error to STDERR\n    echo \"error: The sandbox is not in sync with the Podfile.lock. Run 'pod install' or update your CocoaPods installation.\" >&2\n    exit 1\nfi\n# This output is used by Xcode 'outputs' to avoid re-running this script phase.\necho \"SUCCESS\" > \"${SCRIPT_OUTPUT_FILE_0}\"\n";
			showEnvVarsInLog = 0;
		};
		CP39BX6TWZ17XM5TIZG5LGKX /* [CP] Embed Pods Frameworks */ = {
			isa = PBXShellScriptBuildPhase;
			buildActionMask = 2147483647;
			files = (
			);
			inputFileListPaths = (
				"${PODS_ROOT}/Target Support Files/Pods-Runner/Pods-Runner-frameworks-${CONFIGURATION}-input-files.xcfilelist",
			);
			name = "[CP] Embed Pods Frameworks";
			outputFileListPaths = (
				"${PODS_ROOT}/Target Support Files/Pods-Runner/Pods-Runner-frameworks-${CONFIGURATION}-output-files.xcfilelist",
			);
			runOnlyForDeploymentPostprocessing = 0;
			shellPath = /bin/sh;
			shellScript = "\"${PODS_ROOT}/Target Support Files/Pods-Runner/Pods-Runner-frameworks.sh\"\n";
			showEnvVarsInLog = 0;
		};
		E1GHG10TUI28AZOZGYJD80WS /* [CP] Check Pods Manifest.lock */ = {
			isa = PBXShellScriptBuildPhase;
			buildActionMask = 2147483647;
			files = (
			);
			inputFileListPaths = (
			);
			inputPaths = (
				"${PODS_PODFILE_DIR_PATH}/Podfile.lock",
				"${PODS_ROOT}/Manifest.lock",
			);
			name = "[CP] Check Pods Manifest.lock";
			outputFileListPaths = (
			);
			outputPaths = (
				"$(DERIVED_FILE_DIR)/Pods-Runner-checkManifestLockResult.txt",
			);
			runOnlyForDeploymentPostprocessing = 0;
			shellPath = /bin/sh;
			shellScript = "diff \"${PODS_PODFILE_DIR_PATH}/Podfile.lock\" \"${PODS_ROOT}/Manifest.lock\" > /dev/null\nif [ $? != 0 ] ; then\n    # print error to STDERR\n    echo \"error: The sandbox is not in sync with the Podfile.lock. Run 'pod install' or update your CocoaPods installation.\" >&2\n    exit 1\nfi\n# This output is used by Xcode 'outputs' to avoid re-running this script phase.\necho \"SUCCESS\" > \"${SCRIPT_OUTPUT_FILE_0}\"\n";
			showEnvVarsInLog = 0;
		};
		NRPT310EX5XE7J2LXFF0BEYH /* Thin Binary */ = {
			isa = PBXShellScriptBuildPhase;
			alwaysOutOfDate = 1;
			buildActionMask = 2147483647;
			files = (
			);
			inputPaths = (
				"${TARGET_BUILD_DIR}/${INFOPLIST_PATH}",
			);
			name = "Thin Binary";
			outputPaths = (
			);
			runOnlyForDeploymentPostprocessing = 0;
			shellPath = /bin/sh;
			shellScript = "/bin/sh \"$FLUTTER_ROOT/packages/flutter_tools/bin/xcode_backend.sh\" embed_and_thin";
		};
		NZFKQB76799I6TXTOYV70TFR /* Run Script */ = {
			isa = PBXShellScriptBuildPhase;
			alwaysOutOfDate = 1;
			buildActionMask = 2147483647;
			files = (
			);
			inputPaths = (
			);
			name = "Run Script";
			outputPaths = (
			);
			runOnlyForDeploymentPostprocessing = 0;
			shellPath = /bin/sh;
			shellScript = "/bin/sh \"$FLUTTER_ROOT/packages/flutter_tools/bin/xcode_backend.sh\" build";
		};
/* End PBXShellScriptBuildPhase section */

/* Begin PBXSourcesBuildPhase section */
		4O4MCM3BYJMSQCP2NYCWRIL0 /* Sources */ = {
			isa = PBXSourcesBuildPhase;
			buildActionMask = 2147483647;
			files = (
				MY4ZL7N0WIR5EN41RT37UVAM /* RunnerTests.swift in Sources */,
			);
			runOnlyForDeploymentPostprocessing = 0;
		};
		XJVEYVDV8T2TSFI1XZ9LVMYF /* Sources */ = {
			isa = PBXSourcesBuildPhase;
			buildActionMask = 2147483647;
			files = (
				UL7C2LWEIJC6XZKI4VJFAY4Z /* AppDelegate.swift in Sources */,
				9AQI5PRJP29NCL7PAIMXWSVG /* GeneratedPluginRegistrant.m in Sources */,
			);
			runOnlyForDeploymentPostprocessing = 0;
		};
/* End PBXSourcesBuildPhase section */

/* Begin PBXTargetDependency section */
		8J3E36XLO34XW5XZXNRKX096 /* PBXTargetDependency */ = {
			isa = PBXTargetDependency;
			target = TW4U7EBQUI4FL4PIHJWHEQET /* Runner */;
			targetProxy = AF52KDF2LD8ENDUTYAJPJITN /* PBXContainerItemProxy */;
		};
/* End PBXTargetDependency section */

/* Begin PBXVariantGroup section */
		47DMTP4T02BSGE4OBA79YAIX /* Main.storyboard */ = {
			isa = PBXVariantGroup;
			children = (
				A782TNOXZI3N2P8Y73NQNABI /* Base */,
			);
			name = Main.storyboard;
			sourceTree = "<group>";
		};
		XXW1MLJ5KFCAPWOVXAS44U0H /* LaunchScreen.storyboard */ = {
			isa = PBXVariantGroup;
			children = (
				B2K6XEM6WNEZON42Q24UYZW9 /* Base */,
			);
			name = LaunchScreen.storyboard;
			sourceTree = "<group>";
		};
/* End PBXVariantGroup section */

/* Begin XCBuildConfiguration section */
		0YZ9P9MY5L9WA8TFS6KFCVK8 /* Release */ = {
			isa = XCBuildConfiguration;
			baseConfigurationReference = QVBMGBPZ1IMQ0ETHP7ARLIHD /* Release.xcconfig */;
			buildSettings = {
				ASSETCATALOG_COMPILER_APPICON_NAME = AppIcon;
				CLANG_ENABLE_MODULES = YES;
				CODE_SIGN_STYLE = Manual;
				CURRENT_PROJECT_VERSION = "$(FLUTTER_BUILD_NUMBER)";
				DEVELOPMENT_TEAM = "";
				ENABLE_BITCODE = NO;
				INFOPLIST_FILE = Runner/Info.plist;
				LD_RUNPATH_SEARCH_PATHS = (
					"$(inherited)",
					"@executable_path/Frameworks",
				);
				PRODUCT_BUNDLE_IDENTIFIER = com.Joyee;
				PRODUCT_NAME = "$(TARGET_NAME)";
				PROVISIONING_PROFILE_SPECIFIER = "";
				SUPPORTED_PLATFORMS = "iphoneos iphonesimulator";
				SUPPORTS_MACCATALYST = NO;
				SUPPORTS_MAC_DESIGNED_FOR_IPHONE_IPAD = NO;
				SUPPORTS_XR_DESIGNED_FOR_IPHONE_IPAD = NO;
				SWIFT_OBJC_BRIDGING_HEADER = "Runner/Runner-Bridging-Header.h";
				SWIFT_VERSION = 5.0;
				TARGETED_DEVICE_FAMILY = 1;
				VERSIONING_SYSTEM = "apple-generic";
			};
			name = Release;
		};
		1X7RBAN6DBR0GR52Z5MKTS17 /* Release */ = {
			isa = XCBuildConfiguration;
			buildSettings = {
				ALWAYS_SEARCH_USER_PATHS = NO;
				ASSETCATALOG_COMPILER_GENERATE_SWIFT_ASSET_SYMBOL_EXTENSIONS = YES;
				CLANG_ANALYZER_NONNULL = YES;
				CLANG_CXX_LANGUAGE_STANDARD = "gnu++0x";
				CLANG_CXX_LIBRARY = "libc++";
				CLANG_ENABLE_MODULES = YES;
				CLANG_ENABLE_OBJC_ARC = YES;
				CLANG_WARN_BLOCK_CAPTURE_AUTORELEASING = YES;
				CLANG_WARN_BOOL_CONVERSION = YES;
				CLANG_WARN_COMMA = YES;
				CLANG_WARN_CONSTANT_CONVERSION = YES;
				CLANG_WARN_DEPRECATED_OBJC_IMPLEMENTATIONS = YES;
				CLANG_WARN_DIRECT_OBJC_ISA_USAGE = YES_ERROR;
				CLANG_WARN_EMPTY_BODY = YES;
				CLANG_WARN_ENUM_CONVERSION = YES;
				CLANG_WARN_INFINITE_RECURSION = YES;
				CLANG_WARN_INT_CONVERSION = YES;
				CLANG_WARN_NON_LITERAL_NULL_CONVERSION = YES;
				CLANG_WARN_OBJC_IMPLICIT_RETAIN_SELF = YES;
				CLANG_WARN_OBJC_LITERAL_CONVERSION = YES;
				CLANG_WARN_OBJC_ROOT_CLASS = YES_ERROR;
				CLANG_WARN_RANGE_LOOP_ANALYSIS = YES;
				CLANG_WARN_STRICT_PROTOTYPES = YES;
				CLANG_WARN_SUSPICIOUS_MOVE = YES;
				CLANG_WARN_UNREACHABLE_CODE = YES;
				CLANG_WARN__DUPLICATE_METHOD_MATCH = YES;
				"CODE_SIGN_IDENTITY[sdk=iphoneos*]" = "iPhone Developer";
				COPY_PHASE_STRIP = NO;
				DEBUG_INFORMATION_FORMAT = "dwarf-with-dsym";
				ENABLE_NS_ASSERTIONS = NO;
				ENABLE_STRICT_OBJC_MSGSEND = YES;
				ENABLE_USER_SCRIPT_SANDBOXING = NO;
				GCC_C_LANGUAGE_STANDARD = gnu99;
				GCC_NO_COMMON_BLOCKS = YES;
				GCC_WARN_64_TO_32_BIT_CONVERSION = YES;
				GCC_WARN_ABOUT_RETURN_TYPE = YES_ERROR;
				GCC_WARN_UNDECLARED_SELECTOR = YES;
				GCC_WARN_UNINITIALIZED_AUTOS = YES_AGGRESSIVE;
				GCC_WARN_UNUSED_FUNCTION = YES;
				GCC_WARN_UNUSED_VARIABLE = YES;
				IPHONEOS_DEPLOYMENT_TARGET = 12.0;
				MTL_ENABLE_DEBUG_INFO = NO;
				SDKROOT = iphoneos;
				SUPPORTED_PLATFORMS = iphoneos;
				SWIFT_COMPILATION_MODE = wholemodule;
				SWIFT_OPTIMIZATION_LEVEL = "-O";
				TARGETED_DEVICE_FAMILY = "1,2";
				VALIDATE_PRODUCT = YES;
			};
			name = Release;
		};
		6NQV5OD94U8E12ZXO1D4EU02 /* Profile */ = {
			isa = XCBuildConfiguration;
			baseConfigurationReference = I28PBUOIT2HKLB68BO796K86 /* Pods-RunnerTests.profile.xcconfig */;
			buildSettings = {
				BUNDLE_LOADER = "$(TEST_HOST)";
				CODE_SIGN_STYLE = Automatic;
				CURRENT_PROJECT_VERSION = 1;
				GENERATE_INFOPLIST_FILE = YES;
				MARKETING_VERSION = 1.0;
				PRODUCT_BUNDLE_IDENTIFIER = com.example.Joyee.RunnerTests;
				PRODUCT_NAME = "$(TARGET_NAME)";
				SWIFT_VERSION = 5.0;
				TEST_HOST = "$(BUILT_PRODUCTS_DIR)/Runner.app/$(BUNDLE_EXECUTABLE_FOLDER_PATH)/Runner";
			};
			name = Profile;
		};
		6X6A14FFXCR5QF01V6GB3AXW /* Debug */ = {
			isa = XCBuildConfiguration;
			buildSettings = {
				ALWAYS_SEARCH_USER_PATHS = NO;
				ASSETCATALOG_COMPILER_GENERATE_SWIFT_ASSET_SYMBOL_EXTENSIONS = YES;
				CLANG_ANALYZER_NONNULL = YES;
				CLANG_CXX_LANGUAGE_STANDARD = "gnu++0x";
				CLANG_CXX_LIBRARY = "libc++";
				CLANG_ENABLE_MODULES = YES;
				CLANG_ENABLE_OBJC_ARC = YES;
				CLANG_WARN_BLOCK_CAPTURE_AUTORELEASING = YES;
				CLANG_WARN_BOOL_CONVERSION = YES;
				CLANG_WARN_COMMA = YES;
				CLANG_WARN_CONSTANT_CONVERSION = YES;
				CLANG_WARN_DEPRECATED_OBJC_IMPLEMENTATIONS = YES;
				CLANG_WARN_DIRECT_OBJC_ISA_USAGE = YES_ERROR;
				CLANG_WARN_EMPTY_BODY = YES;
				CLANG_WARN_ENUM_CONVERSION = YES;
				CLANG_WARN_INFINITE_RECURSION = YES;
				CLANG_WARN_INT_CONVERSION = YES;
				CLANG_WARN_NON_LITERAL_NULL_CONVERSION = YES;
				CLANG_WARN_OBJC_IMPLICIT_RETAIN_SELF = YES;
				CLANG_WARN_OBJC_LITERAL_CONVERSION = YES;
				CLANG_WARN_OBJC_ROOT_CLASS = YES_ERROR;
				CLANG_WARN_RANGE_LOOP_ANALYSIS = YES;
				CLANG_WARN_STRICT_PROTOTYPES = YES;
				CLANG_WARN_SUSPICIOUS_MOVE = YES;
				CLANG_WARN_UNREACHABLE_CODE = YES;
				CLANG_WARN__DUPLICATE_METHOD_MATCH = YES;
				"CODE_SIGN_IDENTITY[sdk=iphoneos*]" = "iPhone Developer";
				COPY_PHASE_STRIP = NO;
				DEBUG_INFORMATION_FORMAT = dwarf;
				ENABLE_STRICT_OBJC_MSGSEND = YES;
				ENABLE_TESTABILITY = YES;
				ENABLE_USER_SCRIPT_SANDBOXING = NO;
				GCC_C_LANGUAGE_STANDARD = gnu99;
				GCC_DYNAMIC_NO_PIC = NO;
				GCC_NO_COMMON_BLOCKS = YES;
				GCC_OPTIMIZATION_LEVEL = 0;
				GCC_PREPROCESSOR_DEFINITIONS = (
					"DEBUG=1",
					"$(inherited)",
				);
				GCC_WARN_64_TO_32_BIT_CONVERSION = YES;
				GCC_WARN_ABOUT_RETURN_TYPE = YES_ERROR;
				GCC_WARN_UNDECLARED_SELECTOR = YES;
				GCC_WARN_UNINITIALIZED_AUTOS = YES_AGGRESSIVE;
				GCC_WARN_UNUSED_FUNCTION = YES;
				GCC_WARN_UNUSED_VARIABLE = YES;
				IPHONEOS_DEPLOYMENT_TARGET = 12.0;
				MTL_ENABLE_DEBUG_INFO = YES;
				ONLY_ACTIVE_ARCH = YES;
				SDKROOT = iphoneos;
				TARGETED_DEVICE_FAMILY = "1,2";
			};
			name = Debug;
		};
		D07J5TH1TAAS6LA5SMSD0ZB6 /* Release */ = {
			isa = XCBuildConfiguration;
			baseConfigurationReference = B2IP1GEZCKB8S5Y02BZ0Q1AS /* Pods-RunnerTests.release.xcconfig */;
			buildSettings = {
				BUNDLE_LOADER = "$(TEST_HOST)";
				CODE_SIGN_STYLE = Automatic;
				CURRENT_PROJECT_VERSION = 1;
				GENERATE_INFOPLIST_FILE = YES;
				MARKETING_VERSION = 1.0;
				PRODUCT_BUNDLE_IDENTIFIER = com.example.Joyee.RunnerTests;
				PRODUCT_NAME = "$(TARGET_NAME)";
				SWIFT_VERSION = 5.0;
				TEST_HOST = "$(BUILT_PRODUCTS_DIR)/Runner.app/$(BUNDLE_EXECUTABLE_FOLDER_PATH)/Runner";
			};
			name = Release;
		};
		I95N4N5HNE433PQ4595CKHFN /* Profile */ = {
			isa = XCBuildConfiguration;
			buildSettings = {
				ALWAYS_SEARCH_USER_PATHS = NO;
				ASSETCATALOG_COMPILER_GENERATE_SWIFT_ASSET_SYMBOL_EXTENSIONS = YES;
				CLANG_ANALYZER_NONNULL = YES;
				CLANG_CXX_LANGUAGE_STANDARD = "gnu++0x";
				CLANG_CXX_LIBRARY = "libc++";
				CLANG_ENABLE_MODULES = YES;
				CLANG_ENABLE_OBJC_ARC = YES;
				CLANG_WARN_BLOCK_CAPTURE_AUTORELEASING = YES;
				CLANG_WARN_BOOL_CONVERSION = YES;
				CLANG_WARN_COMMA = YES;
				CLANG_WARN_CONSTANT_CONVERSION = YES;
				CLANG_WARN_DEPRECATED_OBJC_IMPLEMENTATIONS = YES;
				CLANG_WARN_DIRECT_OBJC_ISA_USAGE = YES_ERROR;
				CLANG_WARN_EMPTY_BODY = YES;
				CLANG_WARN_ENUM_CONVERSION = YES;
				CLANG_WARN_INFINITE_RECURSION = YES;
				CLANG_WARN_INT_CONVERSION = YES;
				CLANG_WARN_NON_LITERAL_NULL_CONVERSION = YES;
				CLANG_WARN_OBJC_IMPLICIT_RETAIN_SELF = YES;
				CLANG_WARN_OBJC_LITERAL_CONVERSION = YES;
				CLANG_WARN_OBJC_ROOT_CLASS = YES_ERROR;
				CLANG_WARN_RANGE_LOOP_ANALYSIS = YES;
				CLANG_WARN_STRICT_PROTOTYPES = YES;
				CLANG_WARN_SUSPICIOUS_MOVE = YES;
				CLANG_WARN_UNREACHABLE_CODE = YES;
				CLANG_WARN__DUPLICATE_METHOD_MATCH = YES;
				"CODE_SIGN_IDENTITY[sdk=iphoneos*]" = "iPhone Developer";
				COPY_PHASE_STRIP = NO;
				DEBUG_INFORMATION_FORMAT = "dwarf-with-dsym";
				ENABLE_NS_ASSERTIONS = NO;
				ENABLE_STRICT_OBJC_MSGSEND = YES;
				ENABLE_USER_SCRIPT_SANDBOXING = NO;
				GCC_C_LANGUAGE_STANDARD = gnu99;
				GCC_NO_COMMON_BLOCKS = YES;
				GCC_WARN_64_TO_32_BIT_CONVERSION = YES;
				GCC_WARN_ABOUT_RETURN_TYPE = YES_ERROR;
				GCC_WARN_UNDECLARED_SELECTOR = YES;
				GCC_WARN_UNINITIALIZED_AUTOS = YES_AGGRESSIVE;
				GCC_WARN_UNUSED_FUNCTION = YES;
				GCC_WARN_UNUSED_VARIABLE = YES;
				IPHONEOS_DEPLOYMENT_TARGET = 12.0;
				MTL_ENABLE_DEBUG_INFO = NO;
				SDKROOT = iphoneos;
				SUPPORTED_PLATFORMS = iphoneos;
				TARGETED_DEVICE_FAMILY = "1,2";
				VALIDATE_PRODUCT = YES;
			};
			name = Profile;
		};
		K21V11YWLO1CZ7G0B9AB1S7V /* Debug */ = {
			isa = XCBuildConfiguration;
			baseConfigurationReference = TZE3FZ4P8Y2BIEIXDVPGZ58U /* Debug.xcconfig */;
			buildSettings = {
				ASSETCATALOG_COMPILER_APPICON_NAME = AppIcon;
				CLANG_ENABLE_MODULES = YES;
				CODE_SIGN_STYLE = Manual;
				CURRENT_PROJECT_VERSION = "$(FLUTTER_BUILD_NUMBER)";
				DEVELOPMENT_TEAM = "";
				ENABLE_BITCODE = NO;
				INFOPLIST_FILE = Runner/Info.plist;
				LD_RUNPATH_SEARCH_PATHS = (
					"$(inherited)",
					"@executable_path/Frameworks",
				);
				PRODUCT_BUNDLE_IDENTIFIER = com.Joyee;
				PRODUCT_NAME = "$(TARGET_NAME)";
				PROVISIONING_PROFILE_SPECIFIER = "";
				SUPPORTED_PLATFORMS = "iphoneos iphonesimulator";
				SUPPORTS_MACCATALYST = NO;
				SUPPORTS_MAC_DESIGNED_FOR_IPHONE_IPAD = NO;
				SUPPORTS_XR_DESIGNED_FOR_IPHONE_IPAD = NO;
				SWIFT_OBJC_BRIDGING_HEADER = "Runner/Runner-Bridging-Header.h";
				SWIFT_OPTIMIZATION_LEVEL = "-Onone";
				SWIFT_VERSION = 5.0;
				TARGETED_DEVICE_FAMILY = 1;
				VERSIONING_SYSTEM = "apple-generic";
			};
			name = Debug;
		};
		KD9ZJGWCCIMSK4YCI7996SEV /* Profile */ = {
			isa = XCBuildConfiguration;
			baseConfigurationReference = QVBMGBPZ1IMQ0ETHP7ARLIHD /* Release.xcconfig */;
			buildSettings = {
				ASSETCATALOG_COMPILER_APPICON_NAME = AppIcon;
				CLANG_ENABLE_MODULES = YES;
				CODE_SIGN_STYLE = Manual;
				CURRENT_PROJECT_VERSION = "$(FLUTTER_BUILD_NUMBER)";
				DEVELOPMENT_TEAM = "";
				ENABLE_BITCODE = NO;
				INFOPLIST_FILE = Runner/Info.plist;
				LD_RUNPATH_SEARCH_PATHS = (
					"$(inherited)",
					"@executable_path/Frameworks",
				);
				PRODUCT_BUNDLE_IDENTIFIER = com.Joyee;
				PRODUCT_NAME = "$(TARGET_NAME)";
				PROVISIONING_PROFILE_SPECIFIER = "";
				SUPPORTED_PLATFORMS = "iphoneos iphonesimulator";
				SUPPORTS_MACCATALYST = NO;
				SUPPORTS_MAC_DESIGNED_FOR_IPHONE_IPAD = NO;
				SUPPORTS_XR_DESIGNED_FOR_IPHONE_IPAD = NO;
				SWIFT_OBJC_BRIDGING_HEADER = "Runner/Runner-Bridging-Header.h";
				SWIFT_VERSION = 5.0;
				TARGETED_DEVICE_FAMILY = 1;
				VERSIONING_SYSTEM = "apple-generic";
			};
			name = Profile;
		};
		T6S4FFX9V02P9XN4K1DPVI7D /* Debug */ = {
			isa = XCBuildConfiguration;
			baseConfigurationReference = 78DTHXFAC0Q9FPJU645F2GLB /* Pods-RunnerTests.debug.xcconfig */;
			buildSettings = {
				BUNDLE_LOADER = "$(TEST_HOST)";
				CODE_SIGN_STYLE = Automatic;
				CURRENT_PROJECT_VERSION = 1;
				GENERATE_INFOPLIST_FILE = YES;
				MARKETING_VERSION = 1.0;
				PRODUCT_BUNDLE_IDENTIFIER = com.example.Joyee.RunnerTests;
				PRODUCT_NAME = "$(TARGET_NAME)";
				SWIFT_ACTIVE_COMPILATION_CONDITIONS = DEBUG;
				SWIFT_OPTIMIZATION_LEVEL = "-Onone";
				SWIFT_VERSION = 5.0;
				TEST_HOST = "$(BUILT_PRODUCTS_DIR)/Runner.app/$(BUNDLE_EXECUTABLE_FOLDER_PATH)/Runner";
			};
			name = Debug;
		};
/* End XCBuildConfiguration section */

/* Begin XCConfigurationList section */
		KZ43WW6TGTXGI32VTIJV0BAA /* Build configuration list for PBXProject "Runner" */ = {
			isa = XCConfigurationList;
			buildConfigurations = (
				6X6A14FFXCR5QF01V6GB3AXW /* Debug */,
				1X7RBAN6DBR0GR52Z5MKTS17 /* Release */,
				I95N4N5HNE433PQ4595CKHFN /* Profile */,
			);
			defaultConfigurationIsVisible = 0;
			defaultConfigurationName = Release;
		};
		MWWVAVFLJ2CD30T8LY2LXFHI /* Build configuration list for PBXNativeTarget "Runner" */ = {
			isa = XCConfigurationList;
			buildConfigurations = (
				K21V11YWLO1CZ7G0B9AB1S7V /* Debug */,
				0YZ9P9MY5L9WA8TFS6KFCVK8 /* Release */,
				KD9ZJGWCCIMSK4YCI7996SEV /* Profile */,
			);
			defaultConfigurationIsVisible = 0;
			defaultConfigurationName = Release;
		};
		YZS0T8BN494VWWKXOL7B2LMB /* Build configuration list for PBXNativeTarget "RunnerTests" */ = {
			isa = XCConfigurationList;
			buildConfigurations = (
				T6S4FFX9V02P9XN4K1DPVI7D /* Debug */,
				D07J5TH1TAAS6LA5SMSD0ZB6 /* Release */,
				6NQV5OD94U8E12ZXO1D4EU02 /* Profile */,
			);
			defaultConfigurationIsVisible = 0;
			defaultConfigurationName = Release;
		};
/* End XCConfigurationList section */
	};
	rootObject = RE1IWDVZKXHYZ6NFIQBM5DNW /* Project object */;
}
