PODS:
  - Ads-Global (6.3.1.0):
    - Ads-Global/BUAdSDK (= 6.3.1.0)
  - Ads-Global/BUAdSDK (6.3.1.0)
  - AppLovinSDK (13.0.1)
  - BigoADS (4.5.1)
  - ChartboostMediationAdapterChartboost (4.9.7.0.0):
    - ChartboostMediationSDK (~> 4.0)
    - ChartboostSDK (~> 9.7.0)
  - ChartboostMediationSDK (4.9.0.1)
  - ChartboostSDK (9.7.0)
  - FBAudienceNetwork (6.16.0)
  - Flutter (1.0.0)
  - flutter_tts (0.0.1):
    - Flutter
  - fluttertoast (0.0.2):
    - Flutter
  - Fyber_Marketplace_SDK (8.3.2)
  - Google-Mobile-Ads-SDK (11.12.0):
    - GoogleUserMessagingPlatform (>= 1.1)
  - GoogleUserMessagingPlatform (2.7.0)
  - InMobiSDK (10.8.0)
  - IronSourceSDK (8.2.0.0)
  - shared_preferences_foundation (0.0.1):
    - Flutter
    - FlutterMacOS
  - TPNAdmobSDKAdapter (6.4.27.1):
    - Google-Mobile-Ads-SDK (= 11.12.0)
    - TPNiOS (= 6.4.27)
  - TPNApplovinSDKAdapter (6.4.27):
    - AppLovinSDK (= 13.0.1)
    - TPNiOS (= 6.4.27)
  - TPNBigoSDKAdapter (6.4.27):
    - BigoADS (= 4.5.1)
    - TPNiOS (= 6.4.27)
  - TPNChartboostSDKAdapter (6.4.27):
    - ChartboostMediationAdapterChartboost (= 4.9.7.0.0)
    - ChartboostMediationSDK (= 4.9.0.1)
    - ChartboostSDK (= 9.7.0)
    - TPNiOS (= 6.4.27)
  - TPNFacebookSDKAdapter (6.4.27):
    - FBAudienceNetwork (= 6.16.0)
    - TPNiOS (= 6.4.27)
  - TPNFyberSDKAdapter (6.4.27):
    - Fyber_Marketplace_SDK (= 8.3.2)
    - TPNiOS (= 6.4.27)
  - TPNInmobiSDKAdapter (6.4.27):
    - InMobiSDK (= 10.8.0)
    - TPNiOS (= 6.4.27)
  - TPNiOS (6.4.27):
    - TPNiOS/TPNSDK (= 6.4.27)
  - TPNiOS/TPNSDK (6.4.27)
  - TPNIronSourceSDKAdapter (6.4.27):
    - IronSourceSDK (= 8.2.0)
    - TPNiOS (= 6.4.27)
  - TPNPangleSDKAdapter (6.4.27):
    - Ads-Global (= 6.3.1.0)
    - TPNiOS (= 6.4.27)
  - TPNVungleSDKAdapter (6.4.27):
    - TPNiOS (= 6.4.27)
    - VungleAds (= 7.4.2)
  - UMAPM (2.0.0):
    - UMCommon
  - UMCommon (7.5.0):
    - UMDevice
  - UMDevice (3.4.0)
  - url_launcher_ios (0.0.1):
    - Flutter
  - VungleAds (7.4.2)

DEPENDENCIES:
  - Flutter (from `Flutter`)
  - flutter_tts (from `.symlinks/plugins/flutter_tts/ios`)
  - fluttertoast (from `.symlinks/plugins/fluttertoast/ios`)
  - shared_preferences_foundation (from `.symlinks/plugins/shared_preferences_foundation/darwin`)
  - TPNAdmobSDKAdapter (= 6.4.27.1)
  - TPNApplovinSDKAdapter (= 6.4.27)
  - TPNBigoSDKAdapter (= 6.4.27)
  - TPNChartboostSDKAdapter (= 6.4.27)
  - TPNFacebookSDKAdapter (= 6.4.27)
  - TPNFyberSDKAdapter (= 6.4.27)
  - TPNInmobiSDKAdapter (= 6.4.27)
  - TPNiOS (= 6.4.27)
  - TPNIronSourceSDKAdapter (= 6.4.27)
  - TPNPangleSDKAdapter (= 6.4.27)
  - TPNVungleSDKAdapter (= 6.4.27)
  - UMAPM
  - UMCommon
  - UMDevice
  - url_launcher_ios (from `.symlinks/plugins/url_launcher_ios/ios`)

SPEC REPOS:
  trunk:
    - Ads-Global
    - AppLovinSDK
    - BigoADS
    - ChartboostMediationAdapterChartboost
    - ChartboostMediationSDK
    - ChartboostSDK
    - FBAudienceNetwork
    - Fyber_Marketplace_SDK
    - Google-Mobile-Ads-SDK
    - GoogleUserMessagingPlatform
    - InMobiSDK
    - IronSourceSDK
    - TPNAdmobSDKAdapter
    - TPNApplovinSDKAdapter
    - TPNBigoSDKAdapter
    - TPNChartboostSDKAdapter
    - TPNFacebookSDKAdapter
    - TPNFyberSDKAdapter
    - TPNInmobiSDKAdapter
    - TPNiOS
    - TPNIronSourceSDKAdapter
    - TPNPangleSDKAdapter
    - TPNVungleSDKAdapter
    - UMAPM
    - UMCommon
    - UMDevice
    - VungleAds

EXTERNAL SOURCES:
  Flutter:
    :path: Flutter
  flutter_tts:
    :path: ".symlinks/plugins/flutter_tts/ios"
  fluttertoast:
    :path: ".symlinks/plugins/fluttertoast/ios"
  shared_preferences_foundation:
    :path: ".symlinks/plugins/shared_preferences_foundation/darwin"
  url_launcher_ios:
    :path: ".symlinks/plugins/url_launcher_ios/ios"

SPEC CHECKSUMS:
  Ads-Global: 1f1c01c4b217b317bfe012e93fab145a5c25e03c
  AppLovinSDK: fdae6a4361c9c9b09f8d7d18ede792368221d987
  BigoADS: ee4a4bc66c66d9872bb8c5866cb195ac21f81d9e
  ChartboostMediationAdapterChartboost: 6654e3e150c800eebebd66e9c65935bc2bc8aeb2
  ChartboostMediationSDK: e0976ce3765d6734b96b55cec00c653a38159f9d
  ChartboostSDK: 0cd093c90a5a21c89783fe5be486e511fb2dbfc8
  FBAudienceNetwork: d1670939884e3a2e0ad98dca98d7e0c841417228
  Flutter: e0871f40cf51350855a761d2e70bf5af5b9b5de7
  flutter_tts: 0f492aab6accf87059b72354fcb4ba934304771d
  fluttertoast: 21eecd6935e7064cc1fcb733a4c5a428f3f24f0f
  Fyber_Marketplace_SDK: 215c2020efd507c0e97f40871e96a26918f8986e
  Google-Mobile-Ads-SDK: 3a76704456669fbed2057efc8bdb99050ad0e3fb
  GoogleUserMessagingPlatform: a8b56893477f67212fbc8411c139e61d463349f5
  InMobiSDK: 0cfb1a1eb5112fa0236ae1fab549e31fb96c9566
  IronSourceSDK: 8e630747c09d8b1eb66ce2e195a10edd9a75f8b9
  shared_preferences_foundation: fcdcbc04712aee1108ac7fda236f363274528f78
  TPNAdmobSDKAdapter: 242b5242479215e24163c4bbeec847767a663099
  TPNApplovinSDKAdapter: e727914b650b9fba049091c0823be4967185a993
  TPNBigoSDKAdapter: d16ed5512c34f1d0e35e2904e7c4e8e74a947df5
  TPNChartboostSDKAdapter: 644e4ee5c3e4086b0e922acbd1c0e7ac05eb885a
  TPNFacebookSDKAdapter: a8e8896b073a4cc0ef5d8003d824c0e7b80c04ea
  TPNFyberSDKAdapter: f7c4ad622c55a798895aff7638361949e6b693ee
  TPNInmobiSDKAdapter: 6ceefcbc18f87744d9abdbb973a24b120aafb6b9
  TPNiOS: 1df790d2e336ca080d158c0e9d7b962eb78ad6d0
  TPNIronSourceSDKAdapter: 8848f50b16a6bf22a5c79a043eb6d3f84a3dd4d1
  TPNPangleSDKAdapter: 71879eab50cfc432717259af77681f345dd6a52d
  TPNVungleSDKAdapter: e33b71180a5706be0c9c0a064770c639c3e6f5f8
  UMAPM: 37b8635030b23fe2d75b078d2d33b401de7c5df5
  UMCommon: 9bfb19a2f40c2521901dacb579bccb0b1cdba8da
  UMDevice: dcdf7ec167387837559d149fbc7d793d984faf82
  url_launcher_ios: 5334b05cef931de560670eeae103fd3e431ac3fe
  VungleAds: d7cf66a6dfd390a583ea2b2cfb9af1043b686e58

PODFILE CHECKSUM: 04583029a1f67a8f09cda2906246513019ac2ceb

COCOAPODS: 1.15.2
