PODS:
  - Adjust (4.38.2):
    - Adjust/Core (= 4.38.2)
  - Adjust/Core (4.38.2)
  - Flutter (1.0.0)
  - shared_preferences_foundation (0.0.1):
    - Flutter
    - FlutterMacOS
  - SnapKit (5.7.1)

DEPENDENCIES:
  - Adjust (= 4.38.2)
  - Flutter (from `Flutter`)
  - shared_preferences_foundation (from `.symlinks/plugins/shared_preferences_foundation/darwin`)
  - SnapKit

SPEC REPOS:
  trunk:
    - Adjust
    - SnapKit

EXTERNAL SOURCES:
  Flutter:
    :path: Flutter
  shared_preferences_foundation:
    :path: ".symlinks/plugins/shared_preferences_foundation/darwin"

SPEC CHECKSUMS:
  Adjust: 5a0f813fe079212bed61404d1f635cc330068b4a
  Flutter: e0871f40cf51350855a761d2e70bf5af5b9b5de7
  shared_preferences_foundation: fcdcbc04712aee1108ac7fda236f363274528f78
  SnapKit: d612e99e678a2d3b95bf60b0705ed0a35c03484a

PODFILE CHECKSUM: da1b4e9f1c08a196b3a771dd4d584c87564db7ac

COCOAPODS: 1.16.2
